// !$*UTF8*$!
{
	archiveVersion = 1;
	classes = {
	};
	objectVersion = 46;
	objects = {

/* Begin PBXBuildFile section */
		751DE530E8EFBEFED56AC6B4 /* Pods.framework in Frameworks */ = {isa = PBXBuildFile; fileRef = 662BED332C39A7709A82CE05 /* Pods.framework */; };
		C47DB0D91DACD63C001B1CB7 /* RecipeCategoryTableViewController.m in Sources */ = {isa = PBXBuildFile; fileRef = C47DB0D81DACD63C001B1CB7 /* RecipeCategoryTableViewController.m */; };
		C47DB0DC1DACE150001B1CB7 /* RecipeCategoryViewModel.m in Sources */ = {isa = PBXBuildFile; fileRef = C47DB0DB1DACE150001B1CB7 /* RecipeCategoryViewModel.m */; };
		C47DB0DE1DAF1DB8001B1CB7 /* RecipeCategoryItem.xib in Resources */ = {isa = PBXBuildFile; fileRef = C47DB0DD1DAF1DB8001B1CB7 /* RecipeCategoryItem.xib */; };
		C47DB0E11DAF1EA9001B1CB7 /* RecipeCategoryCellView.m in Sources */ = {isa = PBXBuildFile; fileRef = C47DB0E01DAF1EA9001B1CB7 /* RecipeCategoryCellView.m */; };
		C47DB0E71DAF2D50001B1CB7 /* RecipeCategorySectionHeaderView.m in Sources */ = {isa = PBXBuildFile; fileRef = C47DB0E61DAF2D50001B1CB7 /* RecipeCategorySectionHeaderView.m */; };
		C47DB0E91DAF2D8E001B1CB7 /* RecipeCategorySectionHeader.xib in Resources */ = {isa = PBXBuildFile; fileRef = C47DB0E81DAF2D8E001B1CB7 /* RecipeCategorySectionHeader.xib */; };
		C47DB0F51DB11FF2001B1CB7 /* RecipeCategoryFilterView.xib in Resources */ = {isa = PBXBuildFile; fileRef = C47DB0F31DB11FF2001B1CB7 /* RecipeCategoryFilterView.xib */; };
		C4CB65C81D9B878C00E78B1D /* main.m in Sources */ = {isa = PBXBuildFile; fileRef = C4CB65C71D9B878C00E78B1D /* main.m */; };
		C4CB65CB1D9B878C00E78B1D /* AppDelegate.m in Sources */ = {isa = PBXBuildFile; fileRef = C4CB65CA1D9B878C00E78B1D /* AppDelegate.m */; };
		C4CB65CE1D9B878C00E78B1D /* FirstViewController.m in Sources */ = {isa = PBXBuildFile; fileRef = C4CB65CD1D9B878C00E78B1D /* FirstViewController.m */; };
		C4CB65D11D9B878C00E78B1D /* SecondViewController.m in Sources */ = {isa = PBXBuildFile; fileRef = C4CB65D01D9B878C00E78B1D /* SecondViewController.m */; };
		C4CB65D61D9B878C00E78B1D /* Assets.xcassets in Resources */ = {isa = PBXBuildFile; fileRef = C4CB65D51D9B878C00E78B1D /* Assets.xcassets */; };
		C4CB65D91D9B878C00E78B1D /* LaunchScreen.storyboard in Resources */ = {isa = PBXBuildFile; fileRef = C4CB65D71D9B878C00E78B1D /* LaunchScreen.storyboard */; };
		C4CB65E41D9B878C00E78B1D /* PersistenceTests.m in Sources */ = {isa = PBXBuildFile; fileRef = C4CB65E31D9B878C00E78B1D /* PersistenceTests.m */; };
		C4CB65EF1D9B878C00E78B1D /* PersistenceUITests.m in Sources */ = {isa = PBXBuildFile; fileRef = C4CB65EE1D9B878C00E78B1D /* PersistenceUITests.m */; };
		C4CB66061D9B98A000E78B1D /* Main.storyboard in Resources */ = {isa = PBXBuildFile; fileRef = C4CB66041D9B98A000E78B1D /* Main.storyboard */; };
		C4CB66091D9BA50900E78B1D /* MainTabBarController.m in Sources */ = {isa = PBXBuildFile; fileRef = C4CB66081D9BA50900E78B1D /* MainTabBarController.m */; };
		C4CB66181D9CB73000E78B1D /* Recipes.storyboard in Resources */ = {isa = PBXBuildFile; fileRef = C4CB66161D9CB73000E78B1D /* Recipes.storyboard */; };
		C4CB661C1D9CC35100E78B1D /* RecipeItem.xib in Resources */ = {isa = PBXBuildFile; fileRef = C4CB661B1D9CC35100E78B1D /* RecipeItem.xib */; };
		C4D254AE1DA8C7DA00DEE567 /* UIColor+PS.m in Sources */ = {isa = PBXBuildFile; fileRef = C4D254AD1DA8C7DA00DEE567 /* UIColor+PS.m */; };
		C4D254BA1DA8C81D00DEE567 /* Recipe.m in Sources */ = {isa = PBXBuildFile; fileRef = C4D254B11DA8C81D00DEE567 /* Recipe.m */; };
		C4D254BB1DA8C81D00DEE567 /* RecipeCellView.m in Sources */ = {isa = PBXBuildFile; fileRef = C4D254B31DA8C81D00DEE567 /* RecipeCellView.m */; };
		C4D254BC1DA8C81D00DEE567 /* RecipeCellViewModel.m in Sources */ = {isa = PBXBuildFile; fileRef = C4D254B51DA8C81D00DEE567 /* RecipeCellViewModel.m */; };
		C4D254BD1DA8C81D00DEE567 /* RecipeModel.m in Sources */ = {isa = PBXBuildFile; fileRef = C4D254B71DA8C81D00DEE567 /* RecipeModel.m */; };
		C4D254BE1DA8C81D00DEE567 /* RecipesViewController.m in Sources */ = {isa = PBXBuildFile; fileRef = C4D254B91DA8C81D00DEE567 /* RecipesViewController.m */; };
		C4D254C41DA8C85000DEE567 /* Api.m in Sources */ = {isa = PBXBuildFile; fileRef = C4D254C11DA8C85000DEE567 /* Api.m */; };
		C4D254C51DA8C85000DEE567 /* NetworkServer.m in Sources */ = {isa = PBXBuildFile; fileRef = C4D254C31DA8C85000DEE567 /* NetworkServer.m */; };
		C4D254C81DA8D57500DEE567 /* BundledFileSystemServer.m in Sources */ = {isa = PBXBuildFile; fileRef = C4D254C71DA8D57500DEE567 /* BundledFileSystemServer.m */; };
		C4D254CF1DA8E0BA00DEE567 /* PSServerRegistry.m in Sources */ = {isa = PBXBuildFile; fileRef = C4D254CE1DA8E0BA00DEE567 /* PSServerRegistry.m */; };
		C4D254D21DA9E4A400DEE567 /* RecipeCategory.m in Sources */ = {isa = PBXBuildFile; fileRef = C4D254D11DA9E4A400DEE567 /* RecipeCategory.m */; };
/* End PBXBuildFile section */

/* Begin PBXContainerItemProxy section */
		C4CB65E01D9B878C00E78B1D /* PBXContainerItemProxy */ = {
			isa = PBXContainerItemProxy;
			containerPortal = C4CB65BB1D9B878C00E78B1D /* Project object */;
			proxyType = 1;
			remoteGlobalIDString = C4CB65C21D9B878C00E78B1D;
			remoteInfo = Persistence;
		};
		C4CB65EB1D9B878C00E78B1D /* PBXContainerItemProxy */ = {
			isa = PBXContainerItemProxy;
			containerPortal = C4CB65BB1D9B878C00E78B1D /* Project object */;
			proxyType = 1;
			remoteGlobalIDString = C4CB65C21D9B878C00E78B1D;
			remoteInfo = Persistence;
		};
/* End PBXContainerItemProxy section */

/* Begin PBXFileReference section */
		4D9BBD030BEBF8B9764297C1 /* Pods.debug.xcconfig */ = {isa = PBXFileReference; includeInIndex = 1; lastKnownFileType = text.xcconfig; name = Pods.debug.xcconfig; path = "Pods/Target Support Files/Pods/Pods.debug.xcconfig"; sourceTree = "<group>"; };
		662BED332C39A7709A82CE05 /* Pods.framework */ = {isa = PBXFileReference; explicitFileType = wrapper.framework; includeInIndex = 0; path = Pods.framework; sourceTree = BUILT_PRODUCTS_DIR; };
		BECE633D90F6E7EA65D70E13 /* Pods.release.xcconfig */ = {isa = PBXFileReference; includeInIndex = 1; lastKnownFileType = text.xcconfig; name = Pods.release.xcconfig; path = "Pods/Target Support Files/Pods/Pods.release.xcconfig"; sourceTree = "<group>"; };
		C47DB0D71DACD63C001B1CB7 /* RecipeCategoryTableViewController.h */ = {isa = PBXFileReference; fileEncoding = 4; lastKnownFileType = sourcecode.c.h; name = RecipeCategoryTableViewController.h; path = Recipes/Category/RecipeCategoryTableViewController.h; sourceTree = "<group>"; };
		C47DB0D81DACD63C001B1CB7 /* RecipeCategoryTableViewController.m */ = {isa = PBXFileReference; fileEncoding = 4; lastKnownFileType = sourcecode.c.objc; name = RecipeCategoryTableViewController.m; path = Recipes/Category/RecipeCategoryTableViewController.m; sourceTree = "<group>"; };
		C47DB0DA1DACE150001B1CB7 /* RecipeCategoryViewModel.h */ = {isa = PBXFileReference; fileEncoding = 4; lastKnownFileType = sourcecode.c.h; name = RecipeCategoryViewModel.h; path = Recipes/Category/RecipeCategoryViewModel.h; sourceTree = "<group>"; };
		C47DB0DB1DACE150001B1CB7 /* RecipeCategoryViewModel.m */ = {isa = PBXFileReference; fileEncoding = 4; lastKnownFileType = sourcecode.c.objc; name = RecipeCategoryViewModel.m; path = Recipes/Category/RecipeCategoryViewModel.m; sourceTree = "<group>"; };
		C47DB0DD1DAF1DB8001B1CB7 /* RecipeCategoryItem.xib */ = {isa = PBXFileReference; fileEncoding = 4; lastKnownFileType = file.xib; path = RecipeCategoryItem.xib; sourceTree = "<group>"; };
		C47DB0DF1DAF1EA9001B1CB7 /* RecipeCategoryCellView.h */ = {isa = PBXFileReference; fileEncoding = 4; lastKnownFileType = sourcecode.c.h; path = RecipeCategoryCellView.h; sourceTree = "<group>"; };
		C47DB0E01DAF1EA9001B1CB7 /* RecipeCategoryCellView.m */ = {isa = PBXFileReference; fileEncoding = 4; lastKnownFileType = sourcecode.c.objc; path = RecipeCategoryCellView.m; sourceTree = "<group>"; };
		C47DB0E51DAF2D50001B1CB7 /* RecipeCategorySectionHeaderView.h */ = {isa = PBXFileReference; fileEncoding = 4; lastKnownFileType = sourcecode.c.h; path = RecipeCategorySectionHeaderView.h; sourceTree = "<group>"; };
		C47DB0E61DAF2D50001B1CB7 /* RecipeCategorySectionHeaderView.m */ = {isa = PBXFileReference; fileEncoding = 4; lastKnownFileType = sourcecode.c.objc; path = RecipeCategorySectionHeaderView.m; sourceTree = "<group>"; };
		C47DB0E81DAF2D8E001B1CB7 /* RecipeCategorySectionHeader.xib */ = {isa = PBXFileReference; fileEncoding = 4; lastKnownFileType = file.xib; path = RecipeCategorySectionHeader.xib; sourceTree = "<group>"; };
		C47DB0F31DB11FF2001B1CB7 /* RecipeCategoryFilterView.xib */ = {isa = PBXFileReference; fileEncoding = 4; lastKnownFileType = file.xib; path = RecipeCategoryFilterView.xib; sourceTree = "<group>"; };
		C4CB65C31D9B878C00E78B1D /* Persistence.app */ = {isa = PBXFileReference; explicitFileType = wrapper.application; includeInIndex = 0; path = Persistence.app; sourceTree = BUILT_PRODUCTS_DIR; };
		C4CB65C71D9B878C00E78B1D /* main.m */ = {isa = PBXFileReference; lastKnownFileType = sourcecode.c.objc; path = main.m; sourceTree = "<group>"; };
		C4CB65C91D9B878C00E78B1D /* AppDelegate.h */ = {isa = PBXFileReference; lastKnownFileType = sourcecode.c.h; path = AppDelegate.h; sourceTree = "<group>"; };
		C4CB65CA1D9B878C00E78B1D /* AppDelegate.m */ = {isa = PBXFileReference; lastKnownFileType = sourcecode.c.objc; path = AppDelegate.m; sourceTree = "<group>"; };
		C4CB65CC1D9B878C00E78B1D /* FirstViewController.h */ = {isa = PBXFileReference; lastKnownFileType = sourcecode.c.h; path = FirstViewController.h; sourceTree = "<group>"; };
		C4CB65CD1D9B878C00E78B1D /* FirstViewController.m */ = {isa = PBXFileReference; lastKnownFileType = sourcecode.c.objc; path = FirstViewController.m; sourceTree = "<group>"; };
		C4CB65CF1D9B878C00E78B1D /* SecondViewController.h */ = {isa = PBXFileReference; lastKnownFileType = sourcecode.c.h; path = SecondViewController.h; sourceTree = "<group>"; };
		C4CB65D01D9B878C00E78B1D /* SecondViewController.m */ = {isa = PBXFileReference; lastKnownFileType = sourcecode.c.objc; path = SecondViewController.m; sourceTree = "<group>"; };
		C4CB65D51D9B878C00E78B1D /* Assets.xcassets */ = {isa = PBXFileReference; lastKnownFileType = folder.assetcatalog; path = Assets.xcassets; sourceTree = "<group>"; };
		C4CB65D81D9B878C00E78B1D /* Base */ = {isa = PBXFileReference; lastKnownFileType = file.storyboard; name = Base; path = Base.lproj/LaunchScreen.storyboard; sourceTree = "<group>"; };
		C4CB65DA1D9B878C00E78B1D /* Info.plist */ = {isa = PBXFileReference; lastKnownFileType = text.plist.xml; path = Info.plist; sourceTree = "<group>"; };
		C4CB65DF1D9B878C00E78B1D /* PersistenceTests.xctest */ = {isa = PBXFileReference; explicitFileType = wrapper.cfbundle; includeInIndex = 0; path = PersistenceTests.xctest; sourceTree = BUILT_PRODUCTS_DIR; };
		C4CB65E31D9B878C00E78B1D /* PersistenceTests.m */ = {isa = PBXFileReference; lastKnownFileType = sourcecode.c.objc; path = PersistenceTests.m; sourceTree = "<group>"; };
		C4CB65E51D9B878C00E78B1D /* Info.plist */ = {isa = PBXFileReference; lastKnownFileType = text.plist.xml; path = Info.plist; sourceTree = "<group>"; };
		C4CB65EA1D9B878C00E78B1D /* PersistenceUITests.xctest */ = {isa = PBXFileReference; explicitFileType = wrapper.cfbundle; includeInIndex = 0; path = PersistenceUITests.xctest; sourceTree = BUILT_PRODUCTS_DIR; };
		C4CB65EE1D9B878C00E78B1D /* PersistenceUITests.m */ = {isa = PBXFileReference; lastKnownFileType = sourcecode.c.objc; path = PersistenceUITests.m; sourceTree = "<group>"; };
		C4CB65F01D9B878C00E78B1D /* Info.plist */ = {isa = PBXFileReference; lastKnownFileType = text.plist.xml; path = Info.plist; sourceTree = "<group>"; };
		C4CB66051D9B98A000E78B1D /* Base */ = {isa = PBXFileReference; lastKnownFileType = file.storyboard; name = Base; path = Base.lproj/Main.storyboard; sourceTree = "<group>"; };
		C4CB66071D9BA50900E78B1D /* MainTabBarController.h */ = {isa = PBXFileReference; fileEncoding = 4; lastKnownFileType = sourcecode.c.h; path = MainTabBarController.h; sourceTree = "<group>"; };
		C4CB66081D9BA50900E78B1D /* MainTabBarController.m */ = {isa = PBXFileReference; fileEncoding = 4; lastKnownFileType = sourcecode.c.objc; path = MainTabBarController.m; sourceTree = "<group>"; };
		C4CB66171D9CB73000E78B1D /* Base */ = {isa = PBXFileReference; lastKnownFileType = file.storyboard; name = Base; path = Base.lproj/Recipes.storyboard; sourceTree = "<group>"; };
		C4CB661B1D9CC35100E78B1D /* RecipeItem.xib */ = {isa = PBXFileReference; fileEncoding = 4; lastKnownFileType = file.xib; name = RecipeItem.xib; path = ../RecipeItem.xib; sourceTree = "<group>"; };
		C4D254AC1DA8C7DA00DEE567 /* UIColor+PS.h */ = {isa = PBXFileReference; fileEncoding = 4; lastKnownFileType = sourcecode.c.h; name = "UIColor+PS.h"; path = "Categories/UIColor+PS.h"; sourceTree = "<group>"; };
		C4D254AD1DA8C7DA00DEE567 /* UIColor+PS.m */ = {isa = PBXFileReference; fileEncoding = 4; lastKnownFileType = sourcecode.c.objc; name = "UIColor+PS.m"; path = "Categories/UIColor+PS.m"; sourceTree = "<group>"; };
		C4D254B01DA8C81D00DEE567 /* Recipe.h */ = {isa = PBXFileReference; fileEncoding = 4; lastKnownFileType = sourcecode.c.h; name = Recipe.h; path = Recipes/Recipe.h; sourceTree = "<group>"; };
		C4D254B11DA8C81D00DEE567 /* Recipe.m */ = {isa = PBXFileReference; fileEncoding = 4; lastKnownFileType = sourcecode.c.objc; name = Recipe.m; path = Recipes/Recipe.m; sourceTree = "<group>"; };
		C4D254B21DA8C81D00DEE567 /* RecipeCellView.h */ = {isa = PBXFileReference; fileEncoding = 4; lastKnownFileType = sourcecode.c.h; name = RecipeCellView.h; path = Recipes/RecipeCellView.h; sourceTree = "<group>"; };
		C4D254B31DA8C81D00DEE567 /* RecipeCellView.m */ = {isa = PBXFileReference; fileEncoding = 4; lastKnownFileType = sourcecode.c.objc; name = RecipeCellView.m; path = Recipes/RecipeCellView.m; sourceTree = "<group>"; };
		C4D254B41DA8C81D00DEE567 /* RecipeCellViewModel.h */ = {isa = PBXFileReference; fileEncoding = 4; lastKnownFileType = sourcecode.c.h; name = RecipeCellViewModel.h; path = Recipes/RecipeCellViewModel.h; sourceTree = "<group>"; };
		C4D254B51DA8C81D00DEE567 /* RecipeCellViewModel.m */ = {isa = PBXFileReference; fileEncoding = 4; lastKnownFileType = sourcecode.c.objc; name = RecipeCellViewModel.m; path = Recipes/RecipeCellViewModel.m; sourceTree = "<group>"; };
		C4D254B61DA8C81D00DEE567 /* RecipeModel.h */ = {isa = PBXFileReference; fileEncoding = 4; lastKnownFileType = sourcecode.c.h; name = RecipeModel.h; path = Recipes/RecipeModel.h; sourceTree = "<group>"; };
		C4D254B71DA8C81D00DEE567 /* RecipeModel.m */ = {isa = PBXFileReference; fileEncoding = 4; lastKnownFileType = sourcecode.c.objc; name = RecipeModel.m; path = Recipes/RecipeModel.m; sourceTree = "<group>"; };
		C4D254B81DA8C81D00DEE567 /* RecipesViewController.h */ = {isa = PBXFileReference; fileEncoding = 4; lastKnownFileType = sourcecode.c.h; name = RecipesViewController.h; path = Recipes/RecipesViewController.h; sourceTree = "<group>"; };
		C4D254B91DA8C81D00DEE567 /* RecipesViewController.m */ = {isa = PBXFileReference; fileEncoding = 4; lastKnownFileType = sourcecode.c.objc; name = RecipesViewController.m; path = Recipes/RecipesViewController.m; sourceTree = "<group>"; };
		C4D254C01DA8C85000DEE567 /* Api.h */ = {isa = PBXFileReference; fileEncoding = 4; lastKnownFileType = sourcecode.c.h; name = Api.h; path = Network/Api.h; sourceTree = "<group>"; };
		C4D254C11DA8C85000DEE567 /* Api.m */ = {isa = PBXFileReference; fileEncoding = 4; lastKnownFileType = sourcecode.c.objc; name = Api.m; path = Network/Api.m; sourceTree = "<group>"; };
		C4D254C21DA8C85000DEE567 /* NetworkServer.h */ = {isa = PBXFileReference; fileEncoding = 4; lastKnownFileType = sourcecode.c.h; name = NetworkServer.h; path = Network/NetworkServer.h; sourceTree = "<group>"; };
		C4D254C31DA8C85000DEE567 /* NetworkServer.m */ = {isa = PBXFileReference; fileEncoding = 4; lastKnownFileType = sourcecode.c.objc; name = NetworkServer.m; path = Network/NetworkServer.m; sourceTree = "<group>"; };
		C4D254C61DA8D57500DEE567 /* BundledFileSystemServer.h */ = {isa = PBXFileReference; fileEncoding = 4; lastKnownFileType = sourcecode.c.h; path = BundledFileSystemServer.h; sourceTree = "<group>"; };
		C4D254C71DA8D57500DEE567 /* BundledFileSystemServer.m */ = {isa = PBXFileReference; fileEncoding = 4; lastKnownFileType = sourcecode.c.objc; path = BundledFileSystemServer.m; sourceTree = "<group>"; };
		C4D254CC1DA8D62800DEE567 /* PSServer.h */ = {isa = PBXFileReference; lastKnownFileType = sourcecode.c.h; path = PSServer.h; sourceTree = "<group>"; };
		C4D254CD1DA8E0BA00DEE567 /* PSServerRegistry.h */ = {isa = PBXFileReference; fileEncoding = 4; lastKnownFileType = sourcecode.c.h; path = PSServerRegistry.h; sourceTree = "<group>"; };
		C4D254CE1DA8E0BA00DEE567 /* PSServerRegistry.m */ = {isa = PBXFileReference; fileEncoding = 4; lastKnownFileType = sourcecode.c.objc; path = PSServerRegistry.m; sourceTree = "<group>"; };
		C4D254D01DA9E4A400DEE567 /* RecipeCategory.h */ = {isa = PBXFileReference; fileEncoding = 4; lastKnownFileType = sourcecode.c.h; path = RecipeCategory.h; sourceTree = "<group>"; };
		C4D254D11DA9E4A400DEE567 /* RecipeCategory.m */ = {isa = PBXFileReference; fileEncoding = 4; lastKnownFileType = sourcecode.c.objc; path = RecipeCategory.m; sourceTree = "<group>"; };
/* End PBXFileReference section */

/* Begin PBXFrameworksBuildPhase section */
		C4CB65C01D9B878C00E78B1D /* Frameworks */ = {
			isa = PBXFrameworksBuildPhase;
			buildActionMask = 2147483647;
			files = (
				751DE530E8EFBEFED56AC6B4 /* Pods.framework in Frameworks */,
			);
			runOnlyForDeploymentPostprocessing = 0;
		};
		C4CB65DC1D9B878C00E78B1D /* Frameworks */ = {
			isa = PBXFrameworksBuildPhase;
			buildActionMask = 2147483647;
			files = (
			);
			runOnlyForDeploymentPostprocessing = 0;
		};
		C4CB65E71D9B878C00E78B1D /* Frameworks */ = {
			isa = PBXFrameworksBuildPhase;
			buildActionMask = 2147483647;
			files = (
			);
			runOnlyForDeploymentPostprocessing = 0;
		};
/* End PBXFrameworksBuildPhase section */

/* Begin PBXGroup section */
		1254CF9474D7ED80B520473E /* Frameworks */ = {
			isa = PBXGroup;
			children = (
				662BED332C39A7709A82CE05 /* Pods.framework */,
			);
			name = Frameworks;
			sourceTree = "<group>";
		};
		53A80384CAD3E45A53A9CC48 /* Pods */ = {
			isa = PBXGroup;
			children = (
				4D9BBD030BEBF8B9764297C1 /* Pods.debug.xcconfig */,
				BECE633D90F6E7EA65D70E13 /* Pods.release.xcconfig */,
			);
			name = Pods;
			sourceTree = "<group>";
		};
		C47DB0D61DACD35A001B1CB7 /* Category */ = {
			isa = PBXGroup;
			children = (
				C47DB0D71DACD63C001B1CB7 /* RecipeCategoryTableViewController.h */,
				C47DB0D81DACD63C001B1CB7 /* RecipeCategoryTableViewController.m */,
				C47DB0DA1DACE150001B1CB7 /* RecipeCategoryViewModel.h */,
				C47DB0DB1DACE150001B1CB7 /* RecipeCategoryViewModel.m */,
				C47DB0DD1DAF1DB8001B1CB7 /* RecipeCategoryItem.xib */,
				C47DB0DF1DAF1EA9001B1CB7 /* RecipeCategoryCellView.h */,
				C47DB0E01DAF1EA9001B1CB7 /* RecipeCategoryCellView.m */,
				C47DB0E51DAF2D50001B1CB7 /* RecipeCategorySectionHeaderView.h */,
				C47DB0E61DAF2D50001B1CB7 /* RecipeCategorySectionHeaderView.m */,
				C47DB0E81DAF2D8E001B1CB7 /* RecipeCategorySectionHeader.xib */,
			);
			name = Category;
			sourceTree = "<group>";
		};
		C47DB0F01DAF8CD1001B1CB7 /* CoreData */ = {
			isa = PBXGroup;
			children = (
			);
			name = CoreData;
			sourceTree = "<group>";
		};
		C4CB65BA1D9B878C00E78B1D = {
			isa = PBXGroup;
			children = (
				C4CB65C51D9B878C00E78B1D /* Persistence */,
				C4CB65E21D9B878C00E78B1D /* PersistenceTests */,
				C4CB65ED1D9B878C00E78B1D /* PersistenceUITests */,
				C4CB65C41D9B878C00E78B1D /* Products */,
				53A80384CAD3E45A53A9CC48 /* Pods */,
				1254CF9474D7ED80B520473E /* Frameworks */,
			);
			sourceTree = "<group>";
		};
		C4CB65C41D9B878C00E78B1D /* Products */ = {
			isa = PBXGroup;
			children = (
				C4CB65C31D9B878C00E78B1D /* Persistence.app */,
				C4CB65DF1D9B878C00E78B1D /* PersistenceTests.xctest */,
				C4CB65EA1D9B878C00E78B1D /* PersistenceUITests.xctest */,
			);
			name = Products;
			sourceTree = "<group>";
		};
		C4CB65C51D9B878C00E78B1D /* Persistence */ = {
			isa = PBXGroup;
			children = (
				C4D254BF1DA8C83200DEE567 /* Network */,
				C4D254AF1DA8C80B00DEE567 /* Recipes */,
				C4D254AB1DA8C7C600DEE567 /* Categories */,
				C4CB65C91D9B878C00E78B1D /* AppDelegate.h */,
				C4CB65CA1D9B878C00E78B1D /* AppDelegate.m */,
				C4CB66071D9BA50900E78B1D /* MainTabBarController.h */,
				C4CB66081D9BA50900E78B1D /* MainTabBarController.m */,
				C4CB65CC1D9B878C00E78B1D /* FirstViewController.h */,
				C4CB65CD1D9B878C00E78B1D /* FirstViewController.m */,
				C4CB65CF1D9B878C00E78B1D /* SecondViewController.h */,
				C4CB65D01D9B878C00E78B1D /* SecondViewController.m */,
				C4CB65D51D9B878C00E78B1D /* Assets.xcassets */,
				C4CB65D71D9B878C00E78B1D /* LaunchScreen.storyboard */,
				C4CB66041D9B98A000E78B1D /* Main.storyboard */,
				C4CB66161D9CB73000E78B1D /* Recipes.storyboard */,
				C4CB65DA1D9B878C00E78B1D /* Info.plist */,
				C4CB65C61D9B878C00E78B1D /* Supporting Files */,
			);
			path = Persistence;
			sourceTree = "<group>";
		};
		C4CB65C61D9B878C00E78B1D /* Supporting Files */ = {
			isa = PBXGroup;
			children = (
				C4CB65C71D9B878C00E78B1D /* main.m */,
			);
			name = "Supporting Files";
			sourceTree = "<group>";
		};
		C4CB65E21D9B878C00E78B1D /* PersistenceTests */ = {
			isa = PBXGroup;
			children = (
				C4CB65E31D9B878C00E78B1D /* PersistenceTests.m */,
				C4CB65E51D9B878C00E78B1D /* Info.plist */,
			);
			path = PersistenceTests;
			sourceTree = "<group>";
		};
		C4CB65ED1D9B878C00E78B1D /* PersistenceUITests */ = {
			isa = PBXGroup;
			children = (
				C4CB65EE1D9B878C00E78B1D /* PersistenceUITests.m */,
				C4CB65F01D9B878C00E78B1D /* Info.plist */,
			);
			path = PersistenceUITests;
			sourceTree = "<group>";
		};
		C4D254AB1DA8C7C600DEE567 /* Categories */ = {
			isa = PBXGroup;
			children = (
				C4D254AC1DA8C7DA00DEE567 /* UIColor+PS.h */,
				C4D254AD1DA8C7DA00DEE567 /* UIColor+PS.m */,
			);
			name = Categories;
			sourceTree = "<group>";
		};
		C4D254AF1DA8C80B00DEE567 /* Recipes */ = {
			isa = PBXGroup;
			children = (
				C4CB661B1D9CC35100E78B1D /* RecipeItem.xib */,
				C4D254B01DA8C81D00DEE567 /* Recipe.h */,
				C4D254B11DA8C81D00DEE567 /* Recipe.m */,
				C4D254B21DA8C81D00DEE567 /* RecipeCellView.h */,
				C4D254B31DA8C81D00DEE567 /* RecipeCellView.m */,
				C4D254B41DA8C81D00DEE567 /* RecipeCellViewModel.h */,
				C4D254B51DA8C81D00DEE567 /* RecipeCellViewModel.m */,
				C4D254B61DA8C81D00DEE567 /* RecipeModel.h */,
				C4D254B71DA8C81D00DEE567 /* RecipeModel.m */,
				C4D254B81DA8C81D00DEE567 /* RecipesViewController.h */,
				C4D254B91DA8C81D00DEE567 /* RecipesViewController.m */,
				C4D254D01DA9E4A400DEE567 /* RecipeCategory.h */,
				C4D254D11DA9E4A400DEE567 /* RecipeCategory.m */,
				C47DB0F31DB11FF2001B1CB7 /* RecipeCategoryFilterView.xib */,
				C47DB0D61DACD35A001B1CB7 /* Category */,
				C47DB0F01DAF8CD1001B1CB7 /* CoreData */,
			);
			name = Recipes;
			sourceTree = "<group>";
		};
		C4D254BF1DA8C83200DEE567 /* Network */ = {
			isa = PBXGroup;
			children = (
				C4D254C01DA8C85000DEE567 /* Api.h */,
				C4D254C11DA8C85000DEE567 /* Api.m */,
				C4D254C21DA8C85000DEE567 /* NetworkServer.h */,
				C4D254C31DA8C85000DEE567 /* NetworkServer.m */,
				C4D254C61DA8D57500DEE567 /* BundledFileSystemServer.h */,
				C4D254C71DA8D57500DEE567 /* BundledFileSystemServer.m */,
				C4D254CC1DA8D62800DEE567 /* PSServer.h */,
				C4D254CD1DA8E0BA00DEE567 /* PSServerRegistry.h */,
				C4D254CE1DA8E0BA00DEE567 /* PSServerRegistry.m */,
			);
			name = Network;
			sourceTree = "<group>";
		};
/* End PBXGroup section */

/* Begin PBXNativeTarget section */
		C4CB65C21D9B878C00E78B1D /* Persistence */ = {
			isa = PBXNativeTarget;
			buildConfigurationList = C4CB65F31D9B878C00E78B1D /* Build configuration list for PBXNativeTarget "Persistence" */;
			buildPhases = (
				F23F2FB1DAD96C8AD43EA7CE /* Check Pods Manifest.lock */,
				C4CB65BF1D9B878C00E78B1D /* Sources */,
				C4CB65C01D9B878C00E78B1D /* Frameworks */,
				C4CB65C11D9B878C00E78B1D /* Resources */,
				BD8DB365D160ABF9B56BFD16 /* Embed Pods Frameworks */,
				E515156F89CAE04CCD3F73B8 /* Copy Pods Resources */,
			);
			buildRules = (
			);
			dependencies = (
			);
			name = Persistence;
			productName = Persistence;
			productReference = C4CB65C31D9B878C00E78B1D /* Persistence.app */;
			productType = "com.apple.product-type.application";
		};
		C4CB65DE1D9B878C00E78B1D /* PersistenceTests */ = {
			isa = PBXNativeTarget;
			buildConfigurationList = C4CB65F61D9B878C00E78B1D /* Build configuration list for PBXNativeTarget "PersistenceTests" */;
			buildPhases = (
				C4CB65DB1D9B878C00E78B1D /* Sources */,
				C4CB65DC1D9B878C00E78B1D /* Frameworks */,
				C4CB65DD1D9B878C00E78B1D /* Resources */,
			);
			buildRules = (
			);
			dependencies = (
				C4CB65E11D9B878C00E78B1D /* PBXTargetDependency */,
			);
			name = PersistenceTests;
			productName = PersistenceTests;
			productReference = C4CB65DF1D9B878C00E78B1D /* PersistenceTests.xctest */;
			productType = "com.apple.product-type.bundle.unit-test";
		};
		C4CB65E91D9B878C00E78B1D /* PersistenceUITests */ = {
			isa = PBXNativeTarget;
			buildConfigurationList = C4CB65F91D9B878C00E78B1D /* Build configuration list for PBXNativeTarget "PersistenceUITests" */;
			buildPhases = (
				C4CB65E61D9B878C00E78B1D /* Sources */,
				C4CB65E71D9B878C00E78B1D /* Frameworks */,
				C4CB65E81D9B878C00E78B1D /* Resources */,
			);
			buildRules = (
			);
			dependencies = (
				C4CB65EC1D9B878C00E78B1D /* PBXTargetDependency */,
			);
			name = PersistenceUITests;
			productName = PersistenceUITests;
			productReference = C4CB65EA1D9B878C00E78B1D /* PersistenceUITests.xctest */;
			productType = "com.apple.product-type.bundle.ui-testing";
		};
/* End PBXNativeTarget section */

/* Begin PBXProject section */
		C4CB65BB1D9B878C00E78B1D /* Project object */ = {
			isa = PBXProject;
			attributes = {
				LastUpgradeCheck = 0730;
				ORGANIZATIONNAME = "Jerry Yang";
				TargetAttributes = {
					C4CB65C21D9B878C00E78B1D = {
						CreatedOnToolsVersion = 7.3;
						DevelopmentTeam = G3DPLVC2TK;
					};
					C4CB65DE1D9B878C00E78B1D = {
						CreatedOnToolsVersion = 7.3;
						DevelopmentTeam = G3DPLVC2TK;
						TestTargetID = C4CB65C21D9B878C00E78B1D;
					};
					C4CB65E91D9B878C00E78B1D = {
						CreatedOnToolsVersion = 7.3;
						DevelopmentTeam = G3DPLVC2TK;
						TestTargetID = C4CB65C21D9B878C00E78B1D;
					};
				};
			};
			buildConfigurationList = C4CB65BE1D9B878C00E78B1D /* Build configuration list for PBXProject "Persistence" */;
			compatibilityVersion = "Xcode 3.2";
			developmentRegion = English;
			hasScannedForEncodings = 0;
			knownRegions = (
				en,
				Base,
			);
			mainGroup = C4CB65BA1D9B878C00E78B1D;
			productRefGroup = C4CB65C41D9B878C00E78B1D /* Products */;
			projectDirPath = "";
			projectRoot = "";
			targets = (
				C4CB65C21D9B878C00E78B1D /* Persistence */,
				C4CB65DE1D9B878C00E78B1D /* PersistenceTests */,
				C4CB65E91D9B878C00E78B1D /* PersistenceUITests */,
			);
		};
/* End PBXProject section */

/* Begin PBXResourcesBuildPhase section */
		C4CB65C11D9B878C00E78B1D /* Resources */ = {
			isa = PBXResourcesBuildPhase;
			buildActionMask = 2147483647;
			files = (
				C4CB661C1D9CC35100E78B1D /* RecipeItem.xib in Resources */,
				C47DB0E91DAF2D8E001B1CB7 /* RecipeCategorySectionHeader.xib in Resources */,
				C47DB0F51DB11FF2001B1CB7 /* RecipeCategoryFilterView.xib in Resources */,
				C4CB66061D9B98A000E78B1D /* Main.storyboard in Resources */,
				C4CB66181D9CB73000E78B1D /* Recipes.storyboard in Resources */,
				C4CB65D91D9B878C00E78B1D /* LaunchScreen.storyboard in Resources */,
				C47DB0DE1DAF1DB8001B1CB7 /* RecipeCategoryItem.xib in Resources */,
				C4CB65D61D9B878C00E78B1D /* Assets.xcassets in Resources */,
			);
			runOnlyForDeploymentPostprocessing = 0;
		};
		C4CB65DD1D9B878C00E78B1D /* Resources */ = {
			isa = PBXResourcesBuildPhase;
			buildActionMask = 2147483647;
			files = (
			);
			runOnlyForDeploymentPostprocessing = 0;
		};
		C4CB65E81D9B878C00E78B1D /* Resources */ = {
			isa = PBXResourcesBuildPhase;
			buildActionMask = 2147483647;
			files = (
			);
			runOnlyForDeploymentPostprocessing = 0;
		};
/* End PBXResourcesBuildPhase section */

/* Begin PBXShellScriptBuildPhase section */
		BD8DB365D160ABF9B56BFD16 /* Embed Pods Frameworks */ = {
			isa = PBXShellScriptBuildPhase;
			buildActionMask = 2147483647;
			files = (
			);
			inputPaths = (
			);
			name = "Embed Pods Frameworks";
			outputPaths = (
			);
			runOnlyForDeploymentPostprocessing = 0;
			shellPath = /bin/sh;
			shellScript = "\"${SRCROOT}/Pods/Target Support Files/Pods/Pods-frameworks.sh\"\n";
			showEnvVarsInLog = 0;
		};
		E515156F89CAE04CCD3F73B8 /* Copy Pods Resources */ = {
			isa = PBXShellScriptBuildPhase;
			buildActionMask = 2147483647;
			files = (
			);
			inputPaths = (
			);
			name = "Copy Pods Resources";
			outputPaths = (
			);
			runOnlyForDeploymentPostprocessing = 0;
			shellPath = /bin/sh;
			shellScript = "\"${SRCROOT}/Pods/Target Support Files/Pods/Pods-resources.sh\"\n";
			showEnvVarsInLog = 0;
		};
		F23F2FB1DAD96C8AD43EA7CE /* Check Pods Manifest.lock */ = {
			isa = PBXShellScriptBuildPhase;
			buildActionMask = 2147483647;
			files = (
			);
			inputPaths = (
			);
			name = "Check Pods Manifest.lock";
			outputPaths = (
			);
			runOnlyForDeploymentPostprocessing = 0;
			shellPath = /bin/sh;
			shellScript = "diff \"${PODS_ROOT}/../Podfile.lock\" \"${PODS_ROOT}/Manifest.lock\" > /dev/null\nif [[ $? != 0 ]] ; then\n    cat << EOM\nerror: The sandbox is not in sync with the Podfile.lock. Run 'pod install' or update your CocoaPods installation.\nEOM\n    exit 1\nfi\n";
			showEnvVarsInLog = 0;
		};
/* End PBXShellScriptBuildPhase section */

/* Begin PBXSourcesBuildPhase section */
		C4CB65BF1D9B878C00E78B1D /* Sources */ = {
			isa = PBXSourcesBuildPhase;
			buildActionMask = 2147483647;
			files = (
				C4D254C81DA8D57500DEE567 /* BundledFileSystemServer.m in Sources */,
				C4D254D21DA9E4A400DEE567 /* RecipeCategory.m in Sources */,
				C47DB0DC1DACE150001B1CB7 /* RecipeCategoryViewModel.m in Sources */,
				C4D254AE1DA8C7DA00DEE567 /* UIColor+PS.m in Sources */,
				C4D254BA1DA8C81D00DEE567 /* Recipe.m in Sources */,
				C4D254BE1DA8C81D00DEE567 /* RecipesViewController.m in Sources */,
				C4CB65D11D9B878C00E78B1D /* SecondViewController.m in Sources */,
				C47DB0E71DAF2D50001B1CB7 /* RecipeCategorySectionHeaderView.m in Sources */,
				C4CB66091D9BA50900E78B1D /* MainTabBarController.m in Sources */,
				C4CB65CB1D9B878C00E78B1D /* AppDelegate.m in Sources */,
				C47DB0E11DAF1EA9001B1CB7 /* RecipeCategoryCellView.m in Sources */,
				C4D254C41DA8C85000DEE567 /* Api.m in Sources */,
				C4D254BD1DA8C81D00DEE567 /* RecipeModel.m in Sources */,
				C4CB65CE1D9B878C00E78B1D /* FirstViewController.m in Sources */,
				C4D254BB1DA8C81D00DEE567 /* RecipeCellView.m in Sources */,
				C4D254BC1DA8C81D00DEE567 /* RecipeCellViewModel.m in Sources */,
				C4D254CF1DA8E0BA00DEE567 /* PSServerRegistry.m in Sources */,
				C47DB0D91DACD63C001B1CB7 /* RecipeCategoryTableViewController.m in Sources */,
				C4D254C51DA8C85000DEE567 /* NetworkServer.m in Sources */,
				C4CB65C81D9B878C00E78B1D /* main.m in Sources */,
			);
			runOnlyForDeploymentPostprocessing = 0;
		};
		C4CB65DB1D9B878C00E78B1D /* Sources */ = {
			isa = PBXSourcesBuildPhase;
			buildActionMask = 2147483647;
			files = (
				C4CB65E41D9B878C00E78B1D /* PersistenceTests.m in Sources */,
			);
			runOnlyForDeploymentPostprocessing = 0;
		};
		C4CB65E61D9B878C00E78B1D /* Sources */ = {
			isa = PBXSourcesBuildPhase;
			buildActionMask = 2147483647;
			files = (
				C4CB65EF1D9B878C00E78B1D /* PersistenceUITests.m in Sources */,
			);
			runOnlyForDeploymentPostprocessing = 0;
		};
/* End PBXSourcesBuildPhase section */

/* Begin PBXTargetDependency section */
		C4CB65E11D9B878C00E78B1D /* PBXTargetDependency */ = {
			isa = PBXTargetDependency;
			target = C4CB65C21D9B878C00E78B1D /* Persistence */;
			targetProxy = C4CB65E01D9B878C00E78B1D /* PBXContainerItemProxy */;
		};
		C4CB65EC1D9B878C00E78B1D /* PBXTargetDependency */ = {
			isa = PBXTargetDependency;
			target = C4CB65C21D9B878C00E78B1D /* Persistence */;
			targetProxy = C4CB65EB1D9B878C00E78B1D /* PBXContainerItemProxy */;
		};
/* End PBXTargetDependency section */

/* Begin PBXVariantGroup section */
		C4CB65D71D9B878C00E78B1D /* LaunchScreen.storyboard */ = {
			isa = PBXVariantGroup;
			children = (
				C4CB65D81D9B878C00E78B1D /* Base */,
			);
			name = LaunchScreen.storyboard;
			sourceTree = "<group>";
		};
		C4CB66041D9B98A000E78B1D /* Main.storyboard */ = {
			isa = PBXVariantGroup;
			children = (
				C4CB66051D9B98A000E78B1D /* Base */,
			);
			name = Main.storyboard;
			sourceTree = "<group>";
		};
		C4CB66161D9CB73000E78B1D /* Recipes.storyboard */ = {
			isa = PBXVariantGroup;
			children = (
				C4CB66171D9CB73000E78B1D /* Base */,
			);
			name = Recipes.storyboard;
			sourceTree = "<group>";
		};
/* End PBXVariantGroup section */

/* Begin XCBuildConfiguration section */
		C4CB65F11D9B878C00E78B1D /* Debug */ = {
			isa = XCBuildConfiguration;
			buildSettings = {
				ALWAYS_SEARCH_USER_PATHS = NO;
				CLANG_ANALYZER_NONNULL = YES;
				CLANG_CXX_LANGUAGE_STANDARD = "gnu++0x";
				CLANG_CXX_LIBRARY = "libc++";
				CLANG_ENABLE_MODULES = YES;
				CLANG_ENABLE_OBJC_ARC = YES;
				CLANG_WARN_BOOL_CONVERSION = YES;
				CLANG_WARN_CONSTANT_CONVERSION = YES;
				CLANG_WARN_DIRECT_OBJC_ISA_USAGE = YES_ERROR;
				CLANG_WARN_EMPTY_BODY = YES;
				CLANG_WARN_ENUM_CONVERSION = YES;
				CLANG_WARN_INT_CONVERSION = YES;
				CLANG_WARN_OBJC_ROOT_CLASS = YES_ERROR;
				CLANG_WARN_UNREACHABLE_CODE = YES;
				CLANG_WARN__DUPLICATE_METHOD_MATCH = YES;
				"CODE_SIGN_IDENTITY[sdk=iphoneos*]" = "iPhone Developer";
				COPY_PHASE_STRIP = NO;
				DEBUG_INFORMATION_FORMAT = dwarf;
				ENABLE_STRICT_OBJC_MSGSEND = YES;
				ENABLE_TESTABILITY = YES;
				GCC_C_LANGUAGE_STANDARD = gnu99;
				GCC_DYNAMIC_NO_PIC = NO;
				GCC_NO_COMMON_BLOCKS = YES;
				GCC_OPTIMIZATION_LEVEL = 0;
				GCC_PREPROCESSOR_DEFINITIONS = (
					"DEBUG=1",
					"$(inherited)",
				);
				GCC_WARN_64_TO_32_BIT_CONVERSION = YES;
				GCC_WARN_ABOUT_RETURN_TYPE = YES_ERROR;
				GCC_WARN_UNDECLARED_SELECTOR = YES;
				GCC_WARN_UNINITIALIZED_AUTOS = YES_AGGRESSIVE;
				GCC_WARN_UNUSED_FUNCTION = YES;
				GCC_WARN_UNUSED_VARIABLE = YES;
				IPHONEOS_DEPLOYMENT_TARGET = 9.3;
				MTL_ENABLE_DEBUG_INFO = YES;
				ONLY_ACTIVE_ARCH = YES;
				SDKROOT = iphoneos;
				TARGETED_DEVICE_FAMILY = "1,2";
			};
			name = Debug;
		};
		C4CB65F21D9B878C00E78B1D /* Release */ = {
			isa = XCBuildConfiguration;
			buildSettings = {
				ALWAYS_SEARCH_USER_PATHS = NO;
				CLANG_ANALYZER_NONNULL = YES;
				CLANG_CXX_LANGUAGE_STANDARD = "gnu++0x";
				CLANG_CXX_LIBRARY = "libc++";
				CLANG_ENABLE_MODULES = YES;
				CLANG_ENABLE_OBJC_ARC = YES;
				CLANG_WARN_BOOL_CONVERSION = YES;
				CLANG_WARN_CONSTANT_CONVERSION = YES;
				CLANG_WARN_DIRECT_OBJC_ISA_USAGE = YES_ERROR;
				CLANG_WARN_EMPTY_BODY = YES;
				CLANG_WARN_ENUM_CONVERSION = YES;
				CLANG_WARN_INT_CONVERSION = YES;
				CLANG_WARN_OBJC_ROOT_CLASS = YES_ERROR;
				CLANG_WARN_UNREACHABLE_CODE = YES;
				CLANG_WARN__DUPLICATE_METHOD_MATCH = YES;
				"CODE_SIGN_IDENTITY[sdk=iphoneos*]" = "iPhone Developer";
				COPY_PHASE_STRIP = NO;
				DEBUG_INFORMATION_FORMAT = "dwarf-with-dsym";
				ENABLE_NS_ASSERTIONS = NO;
				ENABLE_STRICT_OBJC_MSGSEND = YES;
				GCC_C_LANGUAGE_STANDARD = gnu99;
				GCC_NO_COMMON_BLOCKS = YES;
				GCC_WARN_64_TO_32_BIT_CONVERSION = YES;
				GCC_WARN_ABOUT_RETURN_TYPE = YES_ERROR;
				GCC_WARN_UNDECLARED_SELECTOR = YES;
				GCC_WARN_UNINITIALIZED_AUTOS = YES_AGGRESSIVE;
				GCC_WARN_UNUSED_FUNCTION = YES;
				GCC_WARN_UNUSED_VARIABLE = YES;
				IPHONEOS_DEPLOYMENT_TARGET = 9.3;
				MTL_ENABLE_DEBUG_INFO = NO;
				SDKROOT = iphoneos;
				TARGETED_DEVICE_FAMILY = "1,2";
				VALIDATE_PRODUCT = YES;
			};
			name = Release;
		};
		C4CB65F41D9B878C00E78B1D /* Debug */ = {
			isa = XCBuildConfiguration;
			baseConfigurationReference = 4D9BBD030BEBF8B9764297C1 /* Pods.debug.xcconfig */;
			buildSettings = {
				ASSETCATALOG_COMPILER_APPICON_NAME = AppIcon;
				INFOPLIST_FILE = Persistence/Info.plist;
				LD_RUNPATH_SEARCH_PATHS = "$(inherited) @executable_path/Frameworks";
				PRODUCT_BUNDLE_IDENTIFIER = com.anz.goal.Persistence;
				PRODUCT_NAME = "$(TARGET_NAME)";
			};
			name = Debug;
		};
		C4CB65F51D9B878C00E78B1D /* Release */ = {
			isa = XCBuildConfiguration;
			baseConfigurationReference = BECE633D90F6E7EA65D70E13 /* Pods.release.xcconfig */;
			buildSettings = {
				ASSETCATALOG_COMPILER_APPICON_NAME = AppIcon;
				INFOPLIST_FILE = Persistence/Info.plist;
				LD_RUNPATH_SEARCH_PATHS = "$(inherited) @executable_path/Frameworks";
				PRODUCT_BUNDLE_IDENTIFIER = com.anz.goal.Persistence;
				PRODUCT_NAME = "$(TARGET_NAME)";
			};
			name = Release;
		};
		C4CB65F71D9B878C00E78B1D /* Debug */ = {
			isa = XCBuildConfiguration;
			buildSettings = {
				BUNDLE_LOADER = "$(TEST_HOST)";
				INFOPLIST_FILE = PersistenceTests/Info.plist;
				LD_RUNPATH_SEARCH_PATHS = "$(inherited) @executable_path/Frameworks @loader_path/Frameworks";
				PRODUCT_BUNDLE_IDENTIFIER = com.anz.goal.PersistenceTests;
				PRODUCT_NAME = "$(TARGET_NAME)";
				TEST_HOST = "$(BUILT_PRODUCTS_DIR)/Persistence.app/Persistence";
			};
			name = Debug;
		};
		C4CB65F81D9B878C00E78B1D /* Release */ = {
			isa = XCBuildConfiguration;
			buildSettings = {
				BUNDLE_LOADER = "$(TEST_HOST)";
				INFOPLIST_FILE = PersistenceTests/Info.plist;
				LD_RUNPATH_SEARCH_PATHS = "$(inherited) @executable_path/Frameworks @loader_path/Frameworks";
				PRODUCT_BUNDLE_IDENTIFIER = com.anz.goal.PersistenceTests;
				PRODUCT_NAME = "$(TARGET_NAME)";
				TEST_HOST = "$(BUILT_PRODUCTS_DIR)/Persistence.app/Persistence";
			};
			name = Release;
		};
		C4CB65FA1D9B878C00E78B1D /* Debug */ = {
			isa = XCBuildConfiguration;
			buildSettings = {
				INFOPLIST_FILE = PersistenceUITests/Info.plist;
				LD_RUNPATH_SEARCH_PATHS = "$(inherited) @executable_path/Frameworks @loader_path/Frameworks";
				PRODUCT_BUNDLE_IDENTIFIER = com.anz.goal.PersistenceUITests;
				PRODUCT_NAME = "$(TARGET_NAME)";
				TEST_TARGET_NAME = Persistence;
			};
			name = Debug;
		};
		C4CB65FB1D9B878C00E78B1D /* Release */ = {
			isa = XCBuildConfiguration;
			buildSettings = {
				INFOPLIST_FILE = PersistenceUITests/Info.plist;
				LD_RUNPATH_SEARCH_PATHS = "$(inherited) @executable_path/Frameworks @loader_path/Frameworks";
				PRODUCT_BUNDLE_IDENTIFIER = com.anz.goal.PersistenceUITests;
				PRODUCT_NAME = "$(TARGET_NAME)";
				TEST_TARGET_NAME = Persistence;
			};
			name = Release;
		};
/* End XCBuildConfiguration section */

/* Begin XCConfigurationList section */
		C4CB65BE1D9B878C00E78B1D /* Build configuration list for PBXProject "Persistence" */ = {
			isa = XCConfigurationList;
			buildConfigurations = (
				C4CB65F11D9B878C00E78B1D /* Debug */,
				C4CB65F21D9B878C00E78B1D /* Release */,
			);
			defaultConfigurationIsVisible = 0;
			defaultConfigurationName = Release;
		};
		C4CB65F31D9B878C00E78B1D /* Build configuration list for PBXNativeTarget "Persistence" */ = {
			isa = XCConfigurationList;
			buildConfigurations = (
				C4CB65F41D9B878C00E78B1D /* Debug */,
				C4CB65F51D9B878C00E78B1D /* Release */,
			);
			defaultConfigurationIsVisible = 0;
			defaultConfigurationName = Release;
		};
		C4CB65F61D9B878C00E78B1D /* Build configuration list for PBXNativeTarget "PersistenceTests" */ = {
			isa = XCConfigurationList;
			buildConfigurations = (
				C4CB65F71D9B878C00E78B1D /* Debug */,
				C4CB65F81D9B878C00E78B1D /* Release */,
			);
			defaultConfigurationIsVisible = 0;
			defaultConfigurationName = Release;
		};
		C4CB65F91D9B878C00E78B1D /* Build configuration list for PBXNativeTarget "PersistenceUITests" */ = {
			isa = XCConfigurationList;
			buildConfigurations = (
				C4CB65FA1D9B878C00E78B1D /* Debug */,
				C4CB65FB1D9B878C00E78B1D /* Release */,
			);
			defaultConfigurationIsVisible = 0;
			defaultConfigurationName = Release;
		};
/* End XCConfigurationList section */
	};
	rootObject = C4CB65BB1D9B878C00E78B1D /* Project object */;
}
