<?xml version="1.0" encoding="UTF-8"?>
<!DOCTYPE plist PUBLIC "-//Apple//DTD PLIST 1.0//EN" "http://www.apple.com/DTDs/PropertyList-1.0.dtd">
<plist version="1.0">
<dict>
	<key>archiveVersion</key>
	<string>1</string>
	<key>classes</key>
	<dict/>
	<key>objectVersion</key>
	<string>46</string>
	<key>objects</key>
	<dict>
		<key>1254CF9474D7ED80B520473E</key>
		<dict>
			<key>children</key>
			<array>
				<string>662BED332C39A7709A82CE05</string>
			</array>
			<key>isa</key>
			<string>PBXGroup</string>
			<key>name</key>
			<string>Frameworks</string>
			<key>sourceTree</key>
			<string>&lt;group&gt;</string>
		</dict>
		<key>4D9BBD030BEBF8B9764297C1</key>
		<dict>
			<key>includeInIndex</key>
			<string>1</string>
			<key>isa</key>
			<string>PBXFileReference</string>
			<key>lastKnownFileType</key>
			<string>text.xcconfig</string>
			<key>name</key>
			<string>Pods.debug.xcconfig</string>
			<key>path</key>
			<string>Pods/Target Support Files/Pods/Pods.debug.xcconfig</string>
			<key>sourceTree</key>
			<string>&lt;group&gt;</string>
		</dict>
		<key>53A80384CAD3E45A53A9CC48</key>
		<dict>
			<key>children</key>
			<array>
				<string>4D9BBD030BEBF8B9764297C1</string>
				<string>BECE633D90F6E7EA65D70E13</string>
			</array>
			<key>isa</key>
			<string>PBXGroup</string>
			<key>name</key>
			<string>Pods</string>
			<key>sourceTree</key>
			<string>&lt;group&gt;</string>
		</dict>
		<key>662BED332C39A7709A82CE05</key>
		<dict>
			<key>explicitFileType</key>
			<string>wrapper.framework</string>
			<key>includeInIndex</key>
			<string>0</string>
			<key>isa</key>
			<string>PBXFileReference</string>
			<key>path</key>
			<string>Pods.framework</string>
			<key>sourceTree</key>
			<string>BUILT_PRODUCTS_DIR</string>
		</dict>
		<key>751DE530E8EFBEFED56AC6B4</key>
		<dict>
			<key>fileRef</key>
			<string>662BED332C39A7709A82CE05</string>
			<key>isa</key>
			<string>PBXBuildFile</string>
		</dict>
		<key>BD8DB365D160ABF9B56BFD16</key>
		<dict>
			<key>buildActionMask</key>
			<string>2147483647</string>
			<key>files</key>
			<array/>
			<key>inputPaths</key>
			<array/>
			<key>isa</key>
			<string>PBXShellScriptBuildPhase</string>
			<key>name</key>
			<string>Embed Pods Frameworks</string>
			<key>outputPaths</key>
			<array/>
			<key>runOnlyForDeploymentPostprocessing</key>
			<string>0</string>
			<key>shellPath</key>
			<string>/bin/sh</string>
			<key>shellScript</key>
			<string>"${SRCROOT}/Pods/Target Support Files/Pods/Pods-frameworks.sh"
</string>
			<key>showEnvVarsInLog</key>
			<string>0</string>
		</dict>
		<key>BECE633D90F6E7EA65D70E13</key>
		<dict>
			<key>includeInIndex</key>
			<string>1</string>
			<key>isa</key>
			<string>PBXFileReference</string>
			<key>lastKnownFileType</key>
			<string>text.xcconfig</string>
			<key>name</key>
			<string>Pods.release.xcconfig</string>
			<key>path</key>
			<string>Pods/Target Support Files/Pods/Pods.release.xcconfig</string>
			<key>sourceTree</key>
			<string>&lt;group&gt;</string>
		</dict>
		<key>C4CB65BA1D9B878C00E78B1D</key>
		<dict>
			<key>children</key>
			<array>
				<string>C4CB661B1D9CC35100E78B1D</string>
				<string>C4CB65C51D9B878C00E78B1D</string>
				<string>C4CB65E21D9B878C00E78B1D</string>
				<string>C4CB65ED1D9B878C00E78B1D</string>
				<string>C4CB65C41D9B878C00E78B1D</string>
				<string>53A80384CAD3E45A53A9CC48</string>
				<string>1254CF9474D7ED80B520473E</string>
			</array>
			<key>isa</key>
			<string>PBXGroup</string>
			<key>sourceTree</key>
			<string>&lt;group&gt;</string>
		</dict>
		<key>C4CB65BB1D9B878C00E78B1D</key>
		<dict>
			<key>attributes</key>
			<dict>
				<key>LastUpgradeCheck</key>
				<string>0730</string>
				<key>ORGANIZATIONNAME</key>
				<string>Jerry Yang</string>
				<key>TargetAttributes</key>
				<dict>
					<key>C4CB65C21D9B878C00E78B1D</key>
					<dict>
						<key>CreatedOnToolsVersion</key>
						<string>7.3</string>
						<key>DevelopmentTeam</key>
						<string>G3DPLVC2TK</string>
					</dict>
					<key>C4CB65DE1D9B878C00E78B1D</key>
					<dict>
						<key>CreatedOnToolsVersion</key>
						<string>7.3</string>
						<key>DevelopmentTeam</key>
						<string>G3DPLVC2TK</string>
						<key>TestTargetID</key>
						<string>C4CB65C21D9B878C00E78B1D</string>
					</dict>
					<key>C4CB65E91D9B878C00E78B1D</key>
					<dict>
						<key>CreatedOnToolsVersion</key>
						<string>7.3</string>
						<key>DevelopmentTeam</key>
						<string>G3DPLVC2TK</string>
						<key>TestTargetID</key>
						<string>C4CB65C21D9B878C00E78B1D</string>
					</dict>
				</dict>
			</dict>
			<key>buildConfigurationList</key>
			<string>C4CB65BE1D9B878C00E78B1D</string>
			<key>compatibilityVersion</key>
			<string>Xcode 3.2</string>
			<key>developmentRegion</key>
			<string>English</string>
			<key>hasScannedForEncodings</key>
			<string>0</string>
			<key>isa</key>
			<string>PBXProject</string>
			<key>knownRegions</key>
			<array>
				<string>en</string>
				<string>Base</string>
			</array>
			<key>mainGroup</key>
			<string>C4CB65BA1D9B878C00E78B1D</string>
			<key>productRefGroup</key>
			<string>C4CB65C41D9B878C00E78B1D</string>
			<key>projectDirPath</key>
			<string></string>
			<key>projectReferences</key>
			<array/>
			<key>projectRoot</key>
			<string></string>
			<key>targets</key>
			<array>
				<string>C4CB65C21D9B878C00E78B1D</string>
				<string>C4CB65DE1D9B878C00E78B1D</string>
				<string>C4CB65E91D9B878C00E78B1D</string>
			</array>
		</dict>
		<key>C4CB65BE1D9B878C00E78B1D</key>
		<dict>
			<key>buildConfigurations</key>
			<array>
				<string>C4CB65F11D9B878C00E78B1D</string>
				<string>C4CB65F21D9B878C00E78B1D</string>
			</array>
			<key>defaultConfigurationIsVisible</key>
			<string>0</string>
			<key>defaultConfigurationName</key>
			<string>Release</string>
			<key>isa</key>
			<string>XCConfigurationList</string>
		</dict>
		<key>C4CB65BF1D9B878C00E78B1D</key>
		<dict>
			<key>buildActionMask</key>
			<string>2147483647</string>
			<key>files</key>
			<array>
				<string>C4D254C81DA8D57500DEE567</string>
				<string>C4D254D21DA9E4A400DEE567</string>
				<string>C4D254AE1DA8C7DA00DEE567</string>
				<string>C4D254BA1DA8C81D00DEE567</string>
				<string>C4D254BE1DA8C81D00DEE567</string>
				<string>C4CB65D11D9B878C00E78B1D</string>
				<string>C4CB66091D9BA50900E78B1D</string>
				<string>C4CB65CB1D9B878C00E78B1D</string>
				<string>C4D254C41DA8C85000DEE567</string>
				<string>C4D254BD1DA8C81D00DEE567</string>
				<string>C4CB65CE1D9B878C00E78B1D</string>
				<string>C4D254BB1DA8C81D00DEE567</string>
				<string>C4D254BC1DA8C81D00DEE567</string>
				<string>C4D254CF1DA8E0BA00DEE567</string>
				<string>C4D254C51DA8C85000DEE567</string>
				<string>C4CB65C81D9B878C00E78B1D</string>
			</array>
			<key>isa</key>
			<string>PBXSourcesBuildPhase</string>
			<key>runOnlyForDeploymentPostprocessing</key>
			<string>0</string>
		</dict>
		<key>C4CB65C01D9B878C00E78B1D</key>
		<dict>
			<key>buildActionMask</key>
			<string>2147483647</string>
			<key>files</key>
			<array>
				<string>751DE530E8EFBEFED56AC6B4</string>
			</array>
			<key>isa</key>
			<string>PBXFrameworksBuildPhase</string>
			<key>runOnlyForDeploymentPostprocessing</key>
			<string>0</string>
		</dict>
		<key>C4CB65C11D9B878C00E78B1D</key>
		<dict>
			<key>buildActionMask</key>
			<string>2147483647</string>
			<key>files</key>
			<array>
				<string>C4CB661C1D9CC35100E78B1D</string>
				<string>C4CB66061D9B98A000E78B1D</string>
				<string>C4CB66181D9CB73000E78B1D</string>
				<string>C4CB65D91D9B878C00E78B1D</string>
				<string>C4CB65D61D9B878C00E78B1D</string>
			</array>
			<key>isa</key>
			<string>PBXResourcesBuildPhase</string>
			<key>runOnlyForDeploymentPostprocessing</key>
			<string>0</string>
		</dict>
		<key>C4CB65C21D9B878C00E78B1D</key>
		<dict>
			<key>buildConfigurationList</key>
			<string>C4CB65F31D9B878C00E78B1D</string>
			<key>buildPhases</key>
			<array>
				<string>F23F2FB1DAD96C8AD43EA7CE</string>
				<string>C4CB65BF1D9B878C00E78B1D</string>
				<string>C4CB65C01D9B878C00E78B1D</string>
				<string>C4CB65C11D9B878C00E78B1D</string>
				<string>BD8DB365D160ABF9B56BFD16</string>
				<string>E515156F89CAE04CCD3F73B8</string>
			</array>
			<key>buildRules</key>
			<array/>
			<key>dependencies</key>
			<array/>
			<key>isa</key>
			<string>PBXNativeTarget</string>
			<key>name</key>
			<string>Persistence</string>
			<key>productName</key>
			<string>Persistence</string>
			<key>productReference</key>
			<string>C4CB65C31D9B878C00E78B1D</string>
			<key>productType</key>
			<string>com.apple.product-type.application</string>
		</dict>
		<key>C4CB65C31D9B878C00E78B1D</key>
		<dict>
			<key>explicitFileType</key>
			<string>wrapper.application</string>
			<key>includeInIndex</key>
			<string>0</string>
			<key>isa</key>
			<string>PBXFileReference</string>
			<key>path</key>
			<string>Persistence.app</string>
			<key>sourceTree</key>
			<string>BUILT_PRODUCTS_DIR</string>
		</dict>
		<key>C4CB65C41D9B878C00E78B1D</key>
		<dict>
			<key>children</key>
			<array>
				<string>C4CB65C31D9B878C00E78B1D</string>
				<string>C4CB65DF1D9B878C00E78B1D</string>
				<string>C4CB65EA1D9B878C00E78B1D</string>
			</array>
			<key>isa</key>
			<string>PBXGroup</string>
			<key>name</key>
			<string>Products</string>
			<key>sourceTree</key>
			<string>&lt;group&gt;</string>
		</dict>
		<key>C4CB65C51D9B878C00E78B1D</key>
		<dict>
			<key>children</key>
			<array>
				<string>C4D254BF1DA8C83200DEE567</string>
				<string>C4D254AF1DA8C80B00DEE567</string>
				<string>C4D254AB1DA8C7C600DEE567</string>
				<string>C4CB65C91D9B878C00E78B1D</string>
				<string>C4CB65CA1D9B878C00E78B1D</string>
				<string>C4CB66071D9BA50900E78B1D</string>
				<string>C4CB66081D9BA50900E78B1D</string>
				<string>C4CB65CC1D9B878C00E78B1D</string>
				<string>C4CB65CD1D9B878C00E78B1D</string>
				<string>C4CB65CF1D9B878C00E78B1D</string>
				<string>C4CB65D01D9B878C00E78B1D</string>
				<string>C4CB65D51D9B878C00E78B1D</string>
				<string>C4CB65D71D9B878C00E78B1D</string>
				<string>C4CB66041D9B98A000E78B1D</string>
				<string>C4CB66161D9CB73000E78B1D</string>
				<string>C4CB65DA1D9B878C00E78B1D</string>
				<string>C4CB65C61D9B878C00E78B1D</string>
			</array>
			<key>isa</key>
			<string>PBXGroup</string>
			<key>path</key>
			<string>Persistence</string>
			<key>sourceTree</key>
			<string>&lt;group&gt;</string>
		</dict>
		<key>C4CB65C61D9B878C00E78B1D</key>
		<dict>
			<key>children</key>
			<array>
				<string>C4CB65C71D9B878C00E78B1D</string>
			</array>
			<key>isa</key>
			<string>PBXGroup</string>
			<key>name</key>
			<string>Supporting Files</string>
			<key>sourceTree</key>
			<string>&lt;group&gt;</string>
		</dict>
		<key>C4CB65C71D9B878C00E78B1D</key>
		<dict>
			<key>isa</key>
			<string>PBXFileReference</string>
			<key>lastKnownFileType</key>
			<string>sourcecode.c.objc</string>
			<key>path</key>
			<string>main.m</string>
			<key>sourceTree</key>
			<string>&lt;group&gt;</string>
		</dict>
		<key>C4CB65C81D9B878C00E78B1D</key>
		<dict>
			<key>fileRef</key>
			<string>C4CB65C71D9B878C00E78B1D</string>
			<key>isa</key>
			<string>PBXBuildFile</string>
		</dict>
		<key>C4CB65C91D9B878C00E78B1D</key>
		<dict>
			<key>isa</key>
			<string>PBXFileReference</string>
			<key>lastKnownFileType</key>
			<string>sourcecode.c.h</string>
			<key>path</key>
			<string>AppDelegate.h</string>
			<key>sourceTree</key>
			<string>&lt;group&gt;</string>
		</dict>
		<key>C4CB65CA1D9B878C00E78B1D</key>
		<dict>
			<key>isa</key>
			<string>PBXFileReference</string>
			<key>lastKnownFileType</key>
			<string>sourcecode.c.objc</string>
			<key>path</key>
			<string>AppDelegate.m</string>
			<key>sourceTree</key>
			<string>&lt;group&gt;</string>
		</dict>
		<key>C4CB65CB1D9B878C00E78B1D</key>
		<dict>
			<key>fileRef</key>
			<string>C4CB65CA1D9B878C00E78B1D</string>
			<key>isa</key>
			<string>PBXBuildFile</string>
		</dict>
		<key>C4CB65CC1D9B878C00E78B1D</key>
		<dict>
			<key>isa</key>
			<string>PBXFileReference</string>
			<key>lastKnownFileType</key>
			<string>sourcecode.c.h</string>
			<key>path</key>
			<string>FirstViewController.h</string>
			<key>sourceTree</key>
			<string>&lt;group&gt;</string>
		</dict>
		<key>C4CB65CD1D9B878C00E78B1D</key>
		<dict>
			<key>isa</key>
			<string>PBXFileReference</string>
			<key>lastKnownFileType</key>
			<string>sourcecode.c.objc</string>
			<key>path</key>
			<string>FirstViewController.m</string>
			<key>sourceTree</key>
			<string>&lt;group&gt;</string>
		</dict>
		<key>C4CB65CE1D9B878C00E78B1D</key>
		<dict>
			<key>fileRef</key>
			<string>C4CB65CD1D9B878C00E78B1D</string>
			<key>isa</key>
			<string>PBXBuildFile</string>
		</dict>
		<key>C4CB65CF1D9B878C00E78B1D</key>
		<dict>
			<key>isa</key>
			<string>PBXFileReference</string>
			<key>lastKnownFileType</key>
			<string>sourcecode.c.h</string>
			<key>path</key>
			<string>SecondViewController.h</string>
			<key>sourceTree</key>
			<string>&lt;group&gt;</string>
		</dict>
		<key>C4CB65D01D9B878C00E78B1D</key>
		<dict>
			<key>isa</key>
			<string>PBXFileReference</string>
			<key>lastKnownFileType</key>
			<string>sourcecode.c.objc</string>
			<key>path</key>
			<string>SecondViewController.m</string>
			<key>sourceTree</key>
			<string>&lt;group&gt;</string>
		</dict>
		<key>C4CB65D11D9B878C00E78B1D</key>
		<dict>
			<key>fileRef</key>
			<string>C4CB65D01D9B878C00E78B1D</string>
			<key>isa</key>
			<string>PBXBuildFile</string>
		</dict>
		<key>C4CB65D51D9B878C00E78B1D</key>
		<dict>
			<key>isa</key>
			<string>PBXFileReference</string>
			<key>lastKnownFileType</key>
			<string>folder.assetcatalog</string>
			<key>path</key>
			<string>Assets.xcassets</string>
			<key>sourceTree</key>
			<string>&lt;group&gt;</string>
		</dict>
		<key>C4CB65D61D9B878C00E78B1D</key>
		<dict>
			<key>fileRef</key>
			<string>C4CB65D51D9B878C00E78B1D</string>
			<key>isa</key>
			<string>PBXBuildFile</string>
		</dict>
		<key>C4CB65D71D9B878C00E78B1D</key>
		<dict>
			<key>children</key>
			<array>
				<string>C4CB65D81D9B878C00E78B1D</string>
			</array>
			<key>isa</key>
			<string>PBXVariantGroup</string>
			<key>name</key>
			<string>LaunchScreen.storyboard</string>
			<key>sourceTree</key>
			<string>&lt;group&gt;</string>
		</dict>
		<key>C4CB65D81D9B878C00E78B1D</key>
		<dict>
			<key>isa</key>
			<string>PBXFileReference</string>
			<key>lastKnownFileType</key>
			<string>file.storyboard</string>
			<key>name</key>
			<string>Base</string>
			<key>path</key>
			<string>Base.lproj/LaunchScreen.storyboard</string>
			<key>sourceTree</key>
			<string>&lt;group&gt;</string>
		</dict>
		<key>C4CB65D91D9B878C00E78B1D</key>
		<dict>
			<key>fileRef</key>
			<string>C4CB65D71D9B878C00E78B1D</string>
			<key>isa</key>
			<string>PBXBuildFile</string>
		</dict>
		<key>C4CB65DA1D9B878C00E78B1D</key>
		<dict>
			<key>isa</key>
			<string>PBXFileReference</string>
			<key>lastKnownFileType</key>
			<string>text.plist.xml</string>
			<key>path</key>
			<string>Info.plist</string>
			<key>sourceTree</key>
			<string>&lt;group&gt;</string>
		</dict>
		<key>C4CB65DB1D9B878C00E78B1D</key>
		<dict>
			<key>buildActionMask</key>
			<string>2147483647</string>
			<key>files</key>
			<array>
				<string>C4CB65E41D9B878C00E78B1D</string>
			</array>
			<key>isa</key>
			<string>PBXSourcesBuildPhase</string>
			<key>runOnlyForDeploymentPostprocessing</key>
			<string>0</string>
		</dict>
		<key>C4CB65DC1D9B878C00E78B1D</key>
		<dict>
			<key>buildActionMask</key>
			<string>2147483647</string>
			<key>files</key>
			<array/>
			<key>isa</key>
			<string>PBXFrameworksBuildPhase</string>
			<key>runOnlyForDeploymentPostprocessing</key>
			<string>0</string>
		</dict>
		<key>C4CB65DD1D9B878C00E78B1D</key>
		<dict>
			<key>buildActionMask</key>
			<string>2147483647</string>
			<key>files</key>
			<array/>
			<key>isa</key>
			<string>PBXResourcesBuildPhase</string>
			<key>runOnlyForDeploymentPostprocessing</key>
			<string>0</string>
		</dict>
		<key>C4CB65DE1D9B878C00E78B1D</key>
		<dict>
			<key>buildConfigurationList</key>
			<string>C4CB65F61D9B878C00E78B1D</string>
			<key>buildPhases</key>
			<array>
				<string>C4CB65DB1D9B878C00E78B1D</string>
				<string>C4CB65DC1D9B878C00E78B1D</string>
				<string>C4CB65DD1D9B878C00E78B1D</string>
			</array>
			<key>buildRules</key>
			<array/>
			<key>dependencies</key>
			<array>
				<string>C4CB65E11D9B878C00E78B1D</string>
			</array>
			<key>isa</key>
			<string>PBXNativeTarget</string>
			<key>name</key>
			<string>PersistenceTests</string>
			<key>productName</key>
			<string>PersistenceTests</string>
			<key>productReference</key>
			<string>C4CB65DF1D9B878C00E78B1D</string>
			<key>productType</key>
			<string>com.apple.product-type.bundle.unit-test</string>
		</dict>
		<key>C4CB65DF1D9B878C00E78B1D</key>
		<dict>
			<key>explicitFileType</key>
			<string>wrapper.cfbundle</string>
			<key>includeInIndex</key>
			<string>0</string>
			<key>isa</key>
			<string>PBXFileReference</string>
			<key>path</key>
			<string>PersistenceTests.xctest</string>
			<key>sourceTree</key>
			<string>BUILT_PRODUCTS_DIR</string>
		</dict>
		<key>C4CB65E01D9B878C00E78B1D</key>
		<dict>
			<key>containerPortal</key>
			<string>C4CB65BB1D9B878C00E78B1D</string>
			<key>isa</key>
			<string>PBXContainerItemProxy</string>
			<key>proxyType</key>
			<string>1</string>
			<key>remoteGlobalIDString</key>
			<string>C4CB65C21D9B878C00E78B1D</string>
			<key>remoteInfo</key>
			<string>Persistence</string>
		</dict>
		<key>C4CB65E11D9B878C00E78B1D</key>
		<dict>
			<key>isa</key>
			<string>PBXTargetDependency</string>
			<key>target</key>
			<string>C4CB65C21D9B878C00E78B1D</string>
			<key>targetProxy</key>
			<string>C4CB65E01D9B878C00E78B1D</string>
		</dict>
		<key>C4CB65E21D9B878C00E78B1D</key>
		<dict>
			<key>children</key>
			<array>
				<string>C4CB65E31D9B878C00E78B1D</string>
				<string>C4CB65E51D9B878C00E78B1D</string>
			</array>
			<key>isa</key>
			<string>PBXGroup</string>
			<key>path</key>
			<string>PersistenceTests</string>
			<key>sourceTree</key>
			<string>&lt;group&gt;</string>
		</dict>
		<key>C4CB65E31D9B878C00E78B1D</key>
		<dict>
			<key>isa</key>
			<string>PBXFileReference</string>
			<key>lastKnownFileType</key>
			<string>sourcecode.c.objc</string>
			<key>path</key>
			<string>PersistenceTests.m</string>
			<key>sourceTree</key>
			<string>&lt;group&gt;</string>
		</dict>
		<key>C4CB65E41D9B878C00E78B1D</key>
		<dict>
			<key>fileRef</key>
			<string>C4CB65E31D9B878C00E78B1D</string>
			<key>isa</key>
			<string>PBXBuildFile</string>
		</dict>
		<key>C4CB65E51D9B878C00E78B1D</key>
		<dict>
			<key>isa</key>
			<string>PBXFileReference</string>
			<key>lastKnownFileType</key>
			<string>text.plist.xml</string>
			<key>path</key>
			<string>Info.plist</string>
			<key>sourceTree</key>
			<string>&lt;group&gt;</string>
		</dict>
		<key>C4CB65E61D9B878C00E78B1D</key>
		<dict>
			<key>buildActionMask</key>
			<string>2147483647</string>
			<key>files</key>
			<array>
				<string>C4CB65EF1D9B878C00E78B1D</string>
			</array>
			<key>isa</key>
			<string>PBXSourcesBuildPhase</string>
			<key>runOnlyForDeploymentPostprocessing</key>
			<string>0</string>
		</dict>
		<key>C4CB65E71D9B878C00E78B1D</key>
		<dict>
			<key>buildActionMask</key>
			<string>2147483647</string>
			<key>files</key>
			<array/>
			<key>isa</key>
			<string>PBXFrameworksBuildPhase</string>
			<key>runOnlyForDeploymentPostprocessing</key>
			<string>0</string>
		</dict>
		<key>C4CB65E81D9B878C00E78B1D</key>
		<dict>
			<key>buildActionMask</key>
			<string>2147483647</string>
			<key>files</key>
			<array/>
			<key>isa</key>
			<string>PBXResourcesBuildPhase</string>
			<key>runOnlyForDeploymentPostprocessing</key>
			<string>0</string>
		</dict>
		<key>C4CB65E91D9B878C00E78B1D</key>
		<dict>
			<key>buildConfigurationList</key>
			<string>C4CB65F91D9B878C00E78B1D</string>
			<key>buildPhases</key>
			<array>
				<string>C4CB65E61D9B878C00E78B1D</string>
				<string>C4CB65E71D9B878C00E78B1D</string>
				<string>C4CB65E81D9B878C00E78B1D</string>
			</array>
			<key>buildRules</key>
			<array/>
			<key>dependencies</key>
			<array>
				<string>C4CB65EC1D9B878C00E78B1D</string>
			</array>
			<key>isa</key>
			<string>PBXNativeTarget</string>
			<key>name</key>
			<string>PersistenceUITests</string>
			<key>productName</key>
			<string>PersistenceUITests</string>
			<key>productReference</key>
			<string>C4CB65EA1D9B878C00E78B1D</string>
			<key>productType</key>
			<string>com.apple.product-type.bundle.ui-testing</string>
		</dict>
		<key>C4CB65EA1D9B878C00E78B1D</key>
		<dict>
			<key>explicitFileType</key>
			<string>wrapper.cfbundle</string>
			<key>includeInIndex</key>
			<string>0</string>
			<key>isa</key>
			<string>PBXFileReference</string>
			<key>path</key>
			<string>PersistenceUITests.xctest</string>
			<key>sourceTree</key>
			<string>BUILT_PRODUCTS_DIR</string>
		</dict>
		<key>C4CB65EB1D9B878C00E78B1D</key>
		<dict>
			<key>containerPortal</key>
			<string>C4CB65BB1D9B878C00E78B1D</string>
			<key>isa</key>
			<string>PBXContainerItemProxy</string>
			<key>proxyType</key>
			<string>1</string>
			<key>remoteGlobalIDString</key>
			<string>C4CB65C21D9B878C00E78B1D</string>
			<key>remoteInfo</key>
			<string>Persistence</string>
		</dict>
		<key>C4CB65EC1D9B878C00E78B1D</key>
		<dict>
			<key>isa</key>
			<string>PBXTargetDependency</string>
			<key>target</key>
			<string>C4CB65C21D9B878C00E78B1D</string>
			<key>targetProxy</key>
			<string>C4CB65EB1D9B878C00E78B1D</string>
		</dict>
		<key>C4CB65ED1D9B878C00E78B1D</key>
		<dict>
			<key>children</key>
			<array>
				<string>C4CB65EE1D9B878C00E78B1D</string>
				<string>C4CB65F01D9B878C00E78B1D</string>
			</array>
			<key>isa</key>
			<string>PBXGroup</string>
			<key>path</key>
			<string>PersistenceUITests</string>
			<key>sourceTree</key>
			<string>&lt;group&gt;</string>
		</dict>
		<key>C4CB65EE1D9B878C00E78B1D</key>
		<dict>
			<key>isa</key>
			<string>PBXFileReference</string>
			<key>lastKnownFileType</key>
			<string>sourcecode.c.objc</string>
			<key>path</key>
			<string>PersistenceUITests.m</string>
			<key>sourceTree</key>
			<string>&lt;group&gt;</string>
		</dict>
		<key>C4CB65EF1D9B878C00E78B1D</key>
		<dict>
			<key>fileRef</key>
			<string>C4CB65EE1D9B878C00E78B1D</string>
			<key>isa</key>
			<string>PBXBuildFile</string>
		</dict>
		<key>C4CB65F01D9B878C00E78B1D</key>
		<dict>
			<key>isa</key>
			<string>PBXFileReference</string>
			<key>lastKnownFileType</key>
			<string>text.plist.xml</string>
			<key>path</key>
			<string>Info.plist</string>
			<key>sourceTree</key>
			<string>&lt;group&gt;</string>
		</dict>
		<key>C4CB65F11D9B878C00E78B1D</key>
		<dict>
			<key>buildSettings</key>
			<dict>
				<key>ALWAYS_SEARCH_USER_PATHS</key>
				<string>NO</string>
				<key>CLANG_ANALYZER_NONNULL</key>
				<string>YES</string>
				<key>CLANG_CXX_LANGUAGE_STANDARD</key>
				<string>gnu++0x</string>
				<key>CLANG_CXX_LIBRARY</key>
				<string>libc++</string>
				<key>CLANG_ENABLE_MODULES</key>
				<string>YES</string>
				<key>CLANG_ENABLE_OBJC_ARC</key>
				<string>YES</string>
				<key>CLANG_WARN_BOOL_CONVERSION</key>
				<string>YES</string>
				<key>CLANG_WARN_CONSTANT_CONVERSION</key>
				<string>YES</string>
				<key>CLANG_WARN_DIRECT_OBJC_ISA_USAGE</key>
				<string>YES_ERROR</string>
				<key>CLANG_WARN_EMPTY_BODY</key>
				<string>YES</string>
				<key>CLANG_WARN_ENUM_CONVERSION</key>
				<string>YES</string>
				<key>CLANG_WARN_INT_CONVERSION</key>
				<string>YES</string>
				<key>CLANG_WARN_OBJC_ROOT_CLASS</key>
				<string>YES_ERROR</string>
				<key>CLANG_WARN_UNREACHABLE_CODE</key>
				<string>YES</string>
				<key>CLANG_WARN__DUPLICATE_METHOD_MATCH</key>
				<string>YES</string>
				<key>CODE_SIGN_IDENTITY[sdk=iphoneos*]</key>
				<string>iPhone Developer</string>
				<key>COPY_PHASE_STRIP</key>
				<string>NO</string>
				<key>DEBUG_INFORMATION_FORMAT</key>
				<string>dwarf</string>
				<key>ENABLE_STRICT_OBJC_MSGSEND</key>
				<string>YES</string>
				<key>ENABLE_TESTABILITY</key>
				<string>YES</string>
				<key>GCC_C_LANGUAGE_STANDARD</key>
				<string>gnu99</string>
				<key>GCC_DYNAMIC_NO_PIC</key>
				<string>NO</string>
				<key>GCC_NO_COMMON_BLOCKS</key>
				<string>YES</string>
				<key>GCC_OPTIMIZATION_LEVEL</key>
				<string>0</string>
				<key>GCC_PREPROCESSOR_DEFINITIONS</key>
				<array>
					<string>DEBUG=1</string>
					<string>$(inherited)</string>
				</array>
				<key>GCC_WARN_64_TO_32_BIT_CONVERSION</key>
				<string>YES</string>
				<key>GCC_WARN_ABOUT_RETURN_TYPE</key>
				<string>YES_ERROR</string>
				<key>GCC_WARN_UNDECLARED_SELECTOR</key>
				<string>YES</string>
				<key>GCC_WARN_UNINITIALIZED_AUTOS</key>
				<string>YES_AGGRESSIVE</string>
				<key>GCC_WARN_UNUSED_FUNCTION</key>
				<string>YES</string>
				<key>GCC_WARN_UNUSED_VARIABLE</key>
				<string>YES</string>
				<key>IPHONEOS_DEPLOYMENT_TARGET</key>
				<string>9.3</string>
				<key>MTL_ENABLE_DEBUG_INFO</key>
				<string>YES</string>
				<key>ONLY_ACTIVE_ARCH</key>
				<string>YES</string>
				<key>SDKROOT</key>
				<string>iphoneos</string>
				<key>TARGETED_DEVICE_FAMILY</key>
				<string>1,2</string>
			</dict>
			<key>isa</key>
			<string>XCBuildConfiguration</string>
			<key>name</key>
			<string>Debug</string>
		</dict>
		<key>C4CB65F21D9B878C00E78B1D</key>
		<dict>
			<key>buildSettings</key>
			<dict>
				<key>ALWAYS_SEARCH_USER_PATHS</key>
				<string>NO</string>
				<key>CLANG_ANALYZER_NONNULL</key>
				<string>YES</string>
				<key>CLANG_CXX_LANGUAGE_STANDARD</key>
				<string>gnu++0x</string>
				<key>CLANG_CXX_LIBRARY</key>
				<string>libc++</string>
				<key>CLANG_ENABLE_MODULES</key>
				<string>YES</string>
				<key>CLANG_ENABLE_OBJC_ARC</key>
				<string>YES</string>
				<key>CLANG_WARN_BOOL_CONVERSION</key>
				<string>YES</string>
				<key>CLANG_WARN_CONSTANT_CONVERSION</key>
				<string>YES</string>
				<key>CLANG_WARN_DIRECT_OBJC_ISA_USAGE</key>
				<string>YES_ERROR</string>
				<key>CLANG_WARN_EMPTY_BODY</key>
				<string>YES</string>
				<key>CLANG_WARN_ENUM_CONVERSION</key>
				<string>YES</string>
				<key>CLANG_WARN_INT_CONVERSION</key>
				<string>YES</string>
				<key>CLANG_WARN_OBJC_ROOT_CLASS</key>
				<string>YES_ERROR</string>
				<key>CLANG_WARN_UNREACHABLE_CODE</key>
				<string>YES</string>
				<key>CLANG_WARN__DUPLICATE_METHOD_MATCH</key>
				<string>YES</string>
				<key>CODE_SIGN_IDENTITY[sdk=iphoneos*]</key>
				<string>iPhone Developer</string>
				<key>COPY_PHASE_STRIP</key>
				<string>NO</string>
				<key>DEBUG_INFORMATION_FORMAT</key>
				<string>dwarf-with-dsym</string>
				<key>ENABLE_NS_ASSERTIONS</key>
				<string>NO</string>
				<key>ENABLE_STRICT_OBJC_MSGSEND</key>
				<string>YES</string>
				<key>GCC_C_LANGUAGE_STANDARD</key>
				<string>gnu99</string>
				<key>GCC_NO_COMMON_BLOCKS</key>
				<string>YES</string>
				<key>GCC_WARN_64_TO_32_BIT_CONVERSION</key>
				<string>YES</string>
				<key>GCC_WARN_ABOUT_RETURN_TYPE</key>
				<string>YES_ERROR</string>
				<key>GCC_WARN_UNDECLARED_SELECTOR</key>
				<string>YES</string>
				<key>GCC_WARN_UNINITIALIZED_AUTOS</key>
				<string>YES_AGGRESSIVE</string>
				<key>GCC_WARN_UNUSED_FUNCTION</key>
				<string>YES</string>
				<key>GCC_WARN_UNUSED_VARIABLE</key>
				<string>YES</string>
				<key>IPHONEOS_DEPLOYMENT_TARGET</key>
				<string>9.3</string>
				<key>MTL_ENABLE_DEBUG_INFO</key>
				<string>NO</string>
				<key>SDKROOT</key>
				<string>iphoneos</string>
				<key>TARGETED_DEVICE_FAMILY</key>
				<string>1,2</string>
				<key>VALIDATE_PRODUCT</key>
				<string>YES</string>
			</dict>
			<key>isa</key>
			<string>XCBuildConfiguration</string>
			<key>name</key>
			<string>Release</string>
		</dict>
		<key>C4CB65F31D9B878C00E78B1D</key>
		<dict>
			<key>buildConfigurations</key>
			<array>
				<string>C4CB65F41D9B878C00E78B1D</string>
				<string>C4CB65F51D9B878C00E78B1D</string>
			</array>
			<key>defaultConfigurationIsVisible</key>
			<string>0</string>
			<key>defaultConfigurationName</key>
			<string>Release</string>
			<key>isa</key>
			<string>XCConfigurationList</string>
		</dict>
		<key>C4CB65F41D9B878C00E78B1D</key>
		<dict>
			<key>baseConfigurationReference</key>
			<string>4D9BBD030BEBF8B9764297C1</string>
			<key>buildSettings</key>
			<dict>
				<key>ASSETCATALOG_COMPILER_APPICON_NAME</key>
				<string>AppIcon</string>
				<key>INFOPLIST_FILE</key>
				<string>Persistence/Info.plist</string>
				<key>LD_RUNPATH_SEARCH_PATHS</key>
				<string>$(inherited) @executable_path/Frameworks</string>
				<key>PRODUCT_BUNDLE_IDENTIFIER</key>
				<string>com.anz.goal.Persistence</string>
				<key>PRODUCT_NAME</key>
				<string>$(TARGET_NAME)</string>
			</dict>
			<key>isa</key>
			<string>XCBuildConfiguration</string>
			<key>name</key>
			<string>Debug</string>
		</dict>
		<key>C4CB65F51D9B878C00E78B1D</key>
		<dict>
			<key>baseConfigurationReference</key>
			<string>BECE633D90F6E7EA65D70E13</string>
			<key>buildSettings</key>
			<dict>
				<key>ASSETCATALOG_COMPILER_APPICON_NAME</key>
				<string>AppIcon</string>
				<key>INFOPLIST_FILE</key>
				<string>Persistence/Info.plist</string>
				<key>LD_RUNPATH_SEARCH_PATHS</key>
				<string>$(inherited) @executable_path/Frameworks</string>
				<key>PRODUCT_BUNDLE_IDENTIFIER</key>
				<string>com.anz.goal.Persistence</string>
				<key>PRODUCT_NAME</key>
				<string>$(TARGET_NAME)</string>
			</dict>
			<key>isa</key>
			<string>XCBuildConfiguration</string>
			<key>name</key>
			<string>Release</string>
		</dict>
		<key>C4CB65F61D9B878C00E78B1D</key>
		<dict>
			<key>buildConfigurations</key>
			<array>
				<string>C4CB65F71D9B878C00E78B1D</string>
				<string>C4CB65F81D9B878C00E78B1D</string>
			</array>
			<key>defaultConfigurationIsVisible</key>
			<string>0</string>
			<key>defaultConfigurationName</key>
			<string>Release</string>
			<key>isa</key>
			<string>XCConfigurationList</string>
		</dict>
		<key>C4CB65F71D9B878C00E78B1D</key>
		<dict>
			<key>buildSettings</key>
			<dict>
				<key>BUNDLE_LOADER</key>
				<string>$(TEST_HOST)</string>
				<key>INFOPLIST_FILE</key>
				<string>PersistenceTests/Info.plist</string>
				<key>LD_RUNPATH_SEARCH_PATHS</key>
				<string>$(inherited) @executable_path/Frameworks @loader_path/Frameworks</string>
				<key>PRODUCT_BUNDLE_IDENTIFIER</key>
				<string>com.anz.goal.PersistenceTests</string>
				<key>PRODUCT_NAME</key>
				<string>$(TARGET_NAME)</string>
				<key>TEST_HOST</key>
				<string>$(BUILT_PRODUCTS_DIR)/Persistence.app/Persistence</string>
			</dict>
			<key>isa</key>
			<string>XCBuildConfiguration</string>
			<key>name</key>
			<string>Debug</string>
		</dict>
		<key>C4CB65F81D9B878C00E78B1D</key>
		<dict>
			<key>buildSettings</key>
			<dict>
				<key>BUNDLE_LOADER</key>
				<string>$(TEST_HOST)</string>
				<key>INFOPLIST_FILE</key>
				<string>PersistenceTests/Info.plist</string>
				<key>LD_RUNPATH_SEARCH_PATHS</key>
				<string>$(inherited) @executable_path/Frameworks @loader_path/Frameworks</string>
				<key>PRODUCT_BUNDLE_IDENTIFIER</key>
				<string>com.anz.goal.PersistenceTests</string>
				<key>PRODUCT_NAME</key>
				<string>$(TARGET_NAME)</string>
				<key>TEST_HOST</key>
				<string>$(BUILT_PRODUCTS_DIR)/Persistence.app/Persistence</string>
			</dict>
			<key>isa</key>
			<string>XCBuildConfiguration</string>
			<key>name</key>
			<string>Release</string>
		</dict>
		<key>C4CB65F91D9B878C00E78B1D</key>
		<dict>
			<key>buildConfigurations</key>
			<array>
				<string>C4CB65FA1D9B878C00E78B1D</string>
				<string>C4CB65FB1D9B878C00E78B1D</string>
			</array>
			<key>defaultConfigurationIsVisible</key>
			<string>0</string>
			<key>defaultConfigurationName</key>
			<string>Release</string>
			<key>isa</key>
			<string>XCConfigurationList</string>
		</dict>
		<key>C4CB65FA1D9B878C00E78B1D</key>
		<dict>
			<key>buildSettings</key>
			<dict>
				<key>INFOPLIST_FILE</key>
				<string>PersistenceUITests/Info.plist</string>
				<key>LD_RUNPATH_SEARCH_PATHS</key>
				<string>$(inherited) @executable_path/Frameworks @loader_path/Frameworks</string>
				<key>PRODUCT_BUNDLE_IDENTIFIER</key>
				<string>com.anz.goal.PersistenceUITests</string>
				<key>PRODUCT_NAME</key>
				<string>$(TARGET_NAME)</string>
				<key>TEST_TARGET_NAME</key>
				<string>Persistence</string>
			</dict>
			<key>isa</key>
			<string>XCBuildConfiguration</string>
			<key>name</key>
			<string>Debug</string>
		</dict>
		<key>C4CB65FB1D9B878C00E78B1D</key>
		<dict>
			<key>buildSettings</key>
			<dict>
				<key>INFOPLIST_FILE</key>
				<string>PersistenceUITests/Info.plist</string>
				<key>LD_RUNPATH_SEARCH_PATHS</key>
				<string>$(inherited) @executable_path/Frameworks @loader_path/Frameworks</string>
				<key>PRODUCT_BUNDLE_IDENTIFIER</key>
				<string>com.anz.goal.PersistenceUITests</string>
				<key>PRODUCT_NAME</key>
				<string>$(TARGET_NAME)</string>
				<key>TEST_TARGET_NAME</key>
				<string>Persistence</string>
			</dict>
			<key>isa</key>
			<string>XCBuildConfiguration</string>
			<key>name</key>
			<string>Release</string>
		</dict>
		<key>C4CB66041D9B98A000E78B1D</key>
		<dict>
			<key>children</key>
			<array>
				<string>C4CB66051D9B98A000E78B1D</string>
			</array>
			<key>isa</key>
			<string>PBXVariantGroup</string>
			<key>name</key>
			<string>Main.storyboard</string>
			<key>sourceTree</key>
			<string>&lt;group&gt;</string>
		</dict>
		<key>C4CB66051D9B98A000E78B1D</key>
		<dict>
			<key>isa</key>
			<string>PBXFileReference</string>
			<key>lastKnownFileType</key>
			<string>file.storyboard</string>
			<key>name</key>
			<string>Base</string>
			<key>path</key>
			<string>Base.lproj/Main.storyboard</string>
			<key>sourceTree</key>
			<string>&lt;group&gt;</string>
		</dict>
		<key>C4CB66061D9B98A000E78B1D</key>
		<dict>
			<key>fileRef</key>
			<string>C4CB66041D9B98A000E78B1D</string>
			<key>isa</key>
			<string>PBXBuildFile</string>
		</dict>
		<key>C4CB66071D9BA50900E78B1D</key>
		<dict>
			<key>fileEncoding</key>
			<string>4</string>
			<key>isa</key>
			<string>PBXFileReference</string>
			<key>lastKnownFileType</key>
			<string>sourcecode.c.h</string>
			<key>path</key>
			<string>MainTabBarController.h</string>
			<key>sourceTree</key>
			<string>&lt;group&gt;</string>
		</dict>
		<key>C4CB66081D9BA50900E78B1D</key>
		<dict>
			<key>fileEncoding</key>
			<string>4</string>
			<key>isa</key>
			<string>PBXFileReference</string>
			<key>lastKnownFileType</key>
			<string>sourcecode.c.objc</string>
			<key>path</key>
			<string>MainTabBarController.m</string>
			<key>sourceTree</key>
			<string>&lt;group&gt;</string>
		</dict>
		<key>C4CB66091D9BA50900E78B1D</key>
		<dict>
			<key>fileRef</key>
			<string>C4CB66081D9BA50900E78B1D</string>
			<key>isa</key>
			<string>PBXBuildFile</string>
		</dict>
		<key>C4CB66161D9CB73000E78B1D</key>
		<dict>
			<key>children</key>
			<array>
				<string>C4CB66171D9CB73000E78B1D</string>
			</array>
			<key>isa</key>
			<string>PBXVariantGroup</string>
			<key>name</key>
			<string>Recipes.storyboard</string>
			<key>sourceTree</key>
			<string>&lt;group&gt;</string>
		</dict>
		<key>C4CB66171D9CB73000E78B1D</key>
		<dict>
			<key>isa</key>
			<string>PBXFileReference</string>
			<key>lastKnownFileType</key>
			<string>file.storyboard</string>
			<key>name</key>
			<string>Base</string>
			<key>path</key>
			<string>Base.lproj/Recipes.storyboard</string>
			<key>sourceTree</key>
			<string>&lt;group&gt;</string>
		</dict>
		<key>C4CB66181D9CB73000E78B1D</key>
		<dict>
			<key>fileRef</key>
			<string>C4CB66161D9CB73000E78B1D</string>
			<key>isa</key>
			<string>PBXBuildFile</string>
		</dict>
		<key>C4CB661B1D9CC35100E78B1D</key>
		<dict>
			<key>fileEncoding</key>
			<string>4</string>
			<key>isa</key>
			<string>PBXFileReference</string>
			<key>lastKnownFileType</key>
			<string>file.xib</string>
			<key>path</key>
			<string>RecipeItem.xib</string>
			<key>sourceTree</key>
			<string>&lt;group&gt;</string>
		</dict>
		<key>C4CB661C1D9CC35100E78B1D</key>
		<dict>
			<key>fileRef</key>
			<string>C4CB661B1D9CC35100E78B1D</string>
			<key>isa</key>
			<string>PBXBuildFile</string>
		</dict>
		<key>C4D254AB1DA8C7C600DEE567</key>
		<dict>
			<key>children</key>
			<array>
				<string>C4D254AC1DA8C7DA00DEE567</string>
				<string>C4D254AD1DA8C7DA00DEE567</string>
			</array>
			<key>isa</key>
			<string>PBXGroup</string>
			<key>name</key>
			<string>Categories</string>
			<key>sourceTree</key>
			<string>&lt;group&gt;</string>
		</dict>
		<key>C4D254AC1DA8C7DA00DEE567</key>
		<dict>
			<key>fileEncoding</key>
			<string>4</string>
			<key>isa</key>
			<string>PBXFileReference</string>
			<key>lastKnownFileType</key>
			<string>sourcecode.c.h</string>
			<key>name</key>
			<string>UIColor+PS.h</string>
			<key>path</key>
			<string>Categories/UIColor+PS.h</string>
			<key>sourceTree</key>
			<string>&lt;group&gt;</string>
		</dict>
		<key>C4D254AD1DA8C7DA00DEE567</key>
		<dict>
			<key>fileEncoding</key>
			<string>4</string>
			<key>isa</key>
			<string>PBXFileReference</string>
			<key>lastKnownFileType</key>
			<string>sourcecode.c.objc</string>
			<key>name</key>
			<string>UIColor+PS.m</string>
			<key>path</key>
			<string>Categories/UIColor+PS.m</string>
			<key>sourceTree</key>
			<string>&lt;group&gt;</string>
		</dict>
		<key>C4D254AE1DA8C7DA00DEE567</key>
		<dict>
			<key>fileRef</key>
			<string>C4D254AD1DA8C7DA00DEE567</string>
			<key>isa</key>
			<string>PBXBuildFile</string>
		</dict>
		<key>C4D254AF1DA8C80B00DEE567</key>
		<dict>
			<key>children</key>
			<array>
				<string>C4D254B01DA8C81D00DEE567</string>
				<string>C4D254B11DA8C81D00DEE567</string>
				<string>C4D254B21DA8C81D00DEE567</string>
				<string>C4D254B31DA8C81D00DEE567</string>
				<string>C4D254B41DA8C81D00DEE567</string>
				<string>C4D254B51DA8C81D00DEE567</string>
				<string>C4D254B61DA8C81D00DEE567</string>
				<string>C4D254B71DA8C81D00DEE567</string>
				<string>C4D254B81DA8C81D00DEE567</string>
				<string>C4D254B91DA8C81D00DEE567</string>
				<string>C4D254D01DA9E4A400DEE567</string>
				<string>C4D254D11DA9E4A400DEE567</string>
			</array>
			<key>isa</key>
			<string>PBXGroup</string>
			<key>name</key>
			<string>Recipes</string>
			<key>sourceTree</key>
			<string>&lt;group&gt;</string>
		</dict>
		<key>C4D254B01DA8C81D00DEE567</key>
		<dict>
			<key>fileEncoding</key>
			<string>4</string>
			<key>isa</key>
			<string>PBXFileReference</string>
			<key>lastKnownFileType</key>
			<string>sourcecode.c.h</string>
			<key>name</key>
			<string>Recipe.h</string>
			<key>path</key>
			<string>Recipes/Recipe.h</string>
			<key>sourceTree</key>
			<string>&lt;group&gt;</string>
		</dict>
		<key>C4D254B11DA8C81D00DEE567</key>
		<dict>
			<key>fileEncoding</key>
			<string>4</string>
			<key>isa</key>
			<string>PBXFileReference</string>
			<key>lastKnownFileType</key>
			<string>sourcecode.c.objc</string>
			<key>name</key>
			<string>Recipe.m</string>
			<key>path</key>
			<string>Recipes/Recipe.m</string>
			<key>sourceTree</key>
			<string>&lt;group&gt;</string>
		</dict>
		<key>C4D254B21DA8C81D00DEE567</key>
		<dict>
			<key>fileEncoding</key>
			<string>4</string>
			<key>isa</key>
			<string>PBXFileReference</string>
			<key>lastKnownFileType</key>
			<string>sourcecode.c.h</string>
			<key>name</key>
			<string>RecipeCellView.h</string>
			<key>path</key>
			<string>Recipes/RecipeCellView.h</string>
			<key>sourceTree</key>
			<string>&lt;group&gt;</string>
		</dict>
		<key>C4D254B31DA8C81D00DEE567</key>
		<dict>
			<key>fileEncoding</key>
			<string>4</string>
			<key>isa</key>
			<string>PBXFileReference</string>
			<key>lastKnownFileType</key>
			<string>sourcecode.c.objc</string>
			<key>name</key>
			<string>RecipeCellView.m</string>
			<key>path</key>
			<string>Recipes/RecipeCellView.m</string>
			<key>sourceTree</key>
			<string>&lt;group&gt;</string>
		</dict>
		<key>C4D254B41DA8C81D00DEE567</key>
		<dict>
			<key>fileEncoding</key>
			<string>4</string>
			<key>isa</key>
			<string>PBXFileReference</string>
			<key>lastKnownFileType</key>
			<string>sourcecode.c.h</string>
			<key>name</key>
			<string>RecipeCellViewModel.h</string>
			<key>path</key>
			<string>Recipes/RecipeCellViewModel.h</string>
			<key>sourceTree</key>
			<string>&lt;group&gt;</string>
		</dict>
		<key>C4D254B51DA8C81D00DEE567</key>
		<dict>
			<key>fileEncoding</key>
			<string>4</string>
			<key>isa</key>
			<string>PBXFileReference</string>
			<key>lastKnownFileType</key>
			<string>sourcecode.c.objc</string>
			<key>name</key>
			<string>RecipeCellViewModel.m</string>
			<key>path</key>
			<string>Recipes/RecipeCellViewModel.m</string>
			<key>sourceTree</key>
			<string>&lt;group&gt;</string>
		</dict>
		<key>C4D254B61DA8C81D00DEE567</key>
		<dict>
			<key>fileEncoding</key>
			<string>4</string>
			<key>isa</key>
			<string>PBXFileReference</string>
			<key>lastKnownFileType</key>
			<string>sourcecode.c.h</string>
			<key>name</key>
			<string>RecipeModel.h</string>
			<key>path</key>
			<string>Recipes/RecipeModel.h</string>
			<key>sourceTree</key>
			<string>&lt;group&gt;</string>
		</dict>
		<key>C4D254B71DA8C81D00DEE567</key>
		<dict>
			<key>fileEncoding</key>
			<string>4</string>
			<key>isa</key>
			<string>PBXFileReference</string>
			<key>lastKnownFileType</key>
			<string>sourcecode.c.objc</string>
			<key>name</key>
			<string>RecipeModel.m</string>
			<key>path</key>
			<string>Recipes/RecipeModel.m</string>
			<key>sourceTree</key>
			<string>&lt;group&gt;</string>
		</dict>
		<key>C4D254B81DA8C81D00DEE567</key>
		<dict>
			<key>fileEncoding</key>
			<string>4</string>
			<key>isa</key>
			<string>PBXFileReference</string>
			<key>lastKnownFileType</key>
			<string>sourcecode.c.h</string>
			<key>name</key>
			<string>RecipesViewController.h</string>
			<key>path</key>
			<string>Recipes/RecipesViewController.h</string>
			<key>sourceTree</key>
			<string>&lt;group&gt;</string>
		</dict>
		<key>C4D254B91DA8C81D00DEE567</key>
		<dict>
			<key>fileEncoding</key>
			<string>4</string>
			<key>isa</key>
			<string>PBXFileReference</string>
			<key>lastKnownFileType</key>
			<string>sourcecode.c.objc</string>
			<key>name</key>
			<string>RecipesViewController.m</string>
			<key>path</key>
			<string>Recipes/RecipesViewController.m</string>
			<key>sourceTree</key>
			<string>&lt;group&gt;</string>
		</dict>
		<key>C4D254BA1DA8C81D00DEE567</key>
		<dict>
			<key>fileRef</key>
			<string>C4D254B11DA8C81D00DEE567</string>
			<key>isa</key>
			<string>PBXBuildFile</string>
		</dict>
		<key>C4D254BB1DA8C81D00DEE567</key>
		<dict>
			<key>fileRef</key>
			<string>C4D254B31DA8C81D00DEE567</string>
			<key>isa</key>
			<string>PBXBuildFile</string>
		</dict>
		<key>C4D254BC1DA8C81D00DEE567</key>
		<dict>
			<key>fileRef</key>
			<string>C4D254B51DA8C81D00DEE567</string>
			<key>isa</key>
			<string>PBXBuildFile</string>
		</dict>
		<key>C4D254BD1DA8C81D00DEE567</key>
		<dict>
			<key>fileRef</key>
			<string>C4D254B71DA8C81D00DEE567</string>
			<key>isa</key>
			<string>PBXBuildFile</string>
		</dict>
		<key>C4D254BE1DA8C81D00DEE567</key>
		<dict>
			<key>fileRef</key>
			<string>C4D254B91DA8C81D00DEE567</string>
			<key>isa</key>
			<string>PBXBuildFile</string>
		</dict>
		<key>C4D254BF1DA8C83200DEE567</key>
		<dict>
			<key>children</key>
			<array>
				<string>C4D254C01DA8C85000DEE567</string>
				<string>C4D254C11DA8C85000DEE567</string>
				<string>C4D254C21DA8C85000DEE567</string>
				<string>C4D254C31DA8C85000DEE567</string>
				<string>C4D254C61DA8D57500DEE567</string>
				<string>C4D254C71DA8D57500DEE567</string>
				<string>C4D254CC1DA8D62800DEE567</string>
				<string>C4D254CD1DA8E0BA00DEE567</string>
				<string>C4D254CE1DA8E0BA00DEE567</string>
			</array>
			<key>isa</key>
			<string>PBXGroup</string>
			<key>name</key>
			<string>Network</string>
			<key>sourceTree</key>
			<string>&lt;group&gt;</string>
		</dict>
		<key>C4D254C01DA8C85000DEE567</key>
		<dict>
			<key>fileEncoding</key>
			<string>4</string>
			<key>isa</key>
			<string>PBXFileReference</string>
			<key>lastKnownFileType</key>
			<string>sourcecode.c.h</string>
			<key>name</key>
			<string>Api.h</string>
			<key>path</key>
			<string>Network/Api.h</string>
			<key>sourceTree</key>
			<string>&lt;group&gt;</string>
		</dict>
		<key>C4D254C11DA8C85000DEE567</key>
		<dict>
			<key>fileEncoding</key>
			<string>4</string>
			<key>isa</key>
			<string>PBXFileReference</string>
			<key>lastKnownFileType</key>
			<string>sourcecode.c.objc</string>
			<key>name</key>
			<string>Api.m</string>
			<key>path</key>
			<string>Network/Api.m</string>
			<key>sourceTree</key>
			<string>&lt;group&gt;</string>
		</dict>
		<key>C4D254C21DA8C85000DEE567</key>
		<dict>
			<key>fileEncoding</key>
			<string>4</string>
			<key>isa</key>
			<string>PBXFileReference</string>
			<key>lastKnownFileType</key>
			<string>sourcecode.c.h</string>
			<key>name</key>
			<string>NetworkServer.h</string>
			<key>path</key>
			<string>Network/NetworkServer.h</string>
			<key>sourceTree</key>
			<string>&lt;group&gt;</string>
		</dict>
		<key>C4D254C31DA8C85000DEE567</key>
		<dict>
			<key>fileEncoding</key>
			<string>4</string>
			<key>isa</key>
			<string>PBXFileReference</string>
			<key>lastKnownFileType</key>
			<string>sourcecode.c.objc</string>
			<key>name</key>
			<string>NetworkServer.m</string>
			<key>path</key>
			<string>Network/NetworkServer.m</string>
			<key>sourceTree</key>
			<string>&lt;group&gt;</string>
		</dict>
		<key>C4D254C41DA8C85000DEE567</key>
		<dict>
			<key>fileRef</key>
			<string>C4D254C11DA8C85000DEE567</string>
			<key>isa</key>
			<string>PBXBuildFile</string>
		</dict>
		<key>C4D254C51DA8C85000DEE567</key>
		<dict>
			<key>fileRef</key>
			<string>C4D254C31DA8C85000DEE567</string>
			<key>isa</key>
			<string>PBXBuildFile</string>
		</dict>
		<key>C4D254C61DA8D57500DEE567</key>
		<dict>
			<key>fileEncoding</key>
			<string>4</string>
			<key>isa</key>
			<string>PBXFileReference</string>
			<key>lastKnownFileType</key>
			<string>sourcecode.c.h</string>
			<key>path</key>
			<string>BundledFileSystemServer.h</string>
			<key>sourceTree</key>
			<string>&lt;group&gt;</string>
		</dict>
		<key>C4D254C71DA8D57500DEE567</key>
		<dict>
			<key>fileEncoding</key>
			<string>4</string>
			<key>isa</key>
			<string>PBXFileReference</string>
			<key>lastKnownFileType</key>
			<string>sourcecode.c.objc</string>
			<key>path</key>
			<string>BundledFileSystemServer.m</string>
			<key>sourceTree</key>
			<string>&lt;group&gt;</string>
		</dict>
		<key>C4D254C81DA8D57500DEE567</key>
		<dict>
			<key>fileRef</key>
			<string>C4D254C71DA8D57500DEE567</string>
			<key>isa</key>
			<string>PBXBuildFile</string>
		</dict>
		<key>C4D254CC1DA8D62800DEE567</key>
		<dict>
			<key>isa</key>
			<string>PBXFileReference</string>
			<key>lastKnownFileType</key>
			<string>sourcecode.c.h</string>
			<key>path</key>
			<string>PSServer.h</string>
			<key>sourceTree</key>
			<string>&lt;group&gt;</string>
		</dict>
		<key>C4D254CD1DA8E0BA00DEE567</key>
		<dict>
			<key>fileEncoding</key>
			<string>4</string>
			<key>isa</key>
			<string>PBXFileReference</string>
			<key>lastKnownFileType</key>
			<string>sourcecode.c.h</string>
			<key>path</key>
			<string>PSServerRegistry.h</string>
			<key>sourceTree</key>
			<string>&lt;group&gt;</string>
		</dict>
		<key>C4D254CE1DA8E0BA00DEE567</key>
		<dict>
			<key>fileEncoding</key>
			<string>4</string>
			<key>isa</key>
			<string>PBXFileReference</string>
			<key>lastKnownFileType</key>
			<string>sourcecode.c.objc</string>
			<key>path</key>
			<string>PSServerRegistry.m</string>
			<key>sourceTree</key>
			<string>&lt;group&gt;</string>
		</dict>
		<key>C4D254CF1DA8E0BA00DEE567</key>
		<dict>
			<key>fileRef</key>
			<string>C4D254CE1DA8E0BA00DEE567</string>
			<key>isa</key>
			<string>PBXBuildFile</string>
		</dict>
		<key>C4D254D01DA9E4A400DEE567</key>
		<dict>
			<key>fileEncoding</key>
			<string>4</string>
			<key>isa</key>
			<string>PBXFileReference</string>
			<key>lastKnownFileType</key>
			<string>sourcecode.c.h</string>
			<key>path</key>
			<string>RecipeCategory.h</string>
			<key>sourceTree</key>
			<string>&lt;group&gt;</string>
		</dict>
		<key>C4D254D11DA9E4A400DEE567</key>
		<dict>
			<key>fileEncoding</key>
			<string>4</string>
			<key>isa</key>
			<string>PBXFileReference</string>
			<key>lastKnownFileType</key>
			<string>sourcecode.c.objc</string>
			<key>path</key>
			<string>RecipeCategory.m</string>
			<key>sourceTree</key>
			<string>&lt;group&gt;</string>
		</dict>
		<key>C4D254D21DA9E4A400DEE567</key>
		<dict>
			<key>fileRef</key>
			<string>C4D254D11DA9E4A400DEE567</string>
			<key>isa</key>
			<string>PBXBuildFile</string>
		</dict>
		<key>E515156F89CAE04CCD3F73B8</key>
		<dict>
			<key>buildActionMask</key>
			<string>2147483647</string>
			<key>files</key>
			<array/>
			<key>inputPaths</key>
			<array/>
			<key>isa</key>
			<string>PBXShellScriptBuildPhase</string>
			<key>name</key>
			<string>Copy Pods Resources</string>
			<key>outputPaths</key>
			<array/>
			<key>runOnlyForDeploymentPostprocessing</key>
			<string>0</string>
			<key>shellPath</key>
			<string>/bin/sh</string>
			<key>shellScript</key>
			<string>"${SRCROOT}/Pods/Target Support Files/Pods/Pods-resources.sh"
</string>
			<key>showEnvVarsInLog</key>
			<string>0</string>
		</dict>
		<key>F23F2FB1DAD96C8AD43EA7CE</key>
		<dict>
			<key>buildActionMask</key>
			<string>2147483647</string>
			<key>files</key>
			<array/>
			<key>inputPaths</key>
			<array/>
			<key>isa</key>
			<string>PBXShellScriptBuildPhase</string>
			<key>name</key>
			<string>Check Pods Manifest.lock</string>
			<key>outputPaths</key>
			<array/>
			<key>runOnlyForDeploymentPostprocessing</key>
			<string>0</string>
			<key>shellPath</key>
			<string>/bin/sh</string>
			<key>shellScript</key>
			<string>diff "${PODS_ROOT}/../Podfile.lock" "${PODS_ROOT}/Manifest.lock" &gt; /dev/null
if [[ $? != 0 ]] ; then
    cat &lt;&lt; EOM
error: The sandbox is not in sync with the Podfile.lock. Run 'pod install' or update your CocoaPods installation.
EOM
    exit 1
fi
</string>
			<key>showEnvVarsInLog</key>
			<string>0</string>
		</dict>
	</dict>
	<key>rootObject</key>
	<string>C4CB65BB1D9B878C00E78B1D</string>
</dict>
</plist>
